<?xml version="1.0" encoding="utf-8"?>
<Project ToolsVersion="4.0" xmlns="http://schemas.microsoft.com/developer/msbuild/2003">
  <ItemGroup>
    <Filter Include="Source Files">
      <UniqueIdentifier>{4FC737F1-C7A5-4376-A066-2A32D752A2FF}</UniqueIdentifier>
      <Extensions>cpp;c;cxx;def;odl;idl;hpj;bat;asm;asmx</Extensions>
    </Filter>
    <Filter Include="Source Files\accelerators">
      <UniqueIdentifier>{361839e9-eac1-45b3-b746-58ea926b37ee}</UniqueIdentifier>
    </Filter>
    <Filter Include="Source Files\film">
      <UniqueIdentifier>{d3eee54f-1a10-4d4a-803d-9de593e6ba95}</UniqueIdentifier>
    </Filter>
    <Filter Include="Source Files\cameras">
      <UniqueIdentifier>{11fbb2ce-cc53-466c-a1f4-63a0bb98ba68}</UniqueIdentifier>
    </Filter>
    <Filter Include="Source Files\filters">
      <UniqueIdentifier>{906ef76f-b030-45f0-a1d9-9a48b87ee449}</UniqueIdentifier>
    </Filter>
    <Filter Include="Source Files\integrators">
      <UniqueIdentifier>{efac20e9-853b-46d4-95b9-e5640291c1c8}</UniqueIdentifier>
    </Filter>
    <Filter Include="Source Files\lights">
      <UniqueIdentifier>{b7437c66-252d-48ac-b710-6bf6bc69be06}</UniqueIdentifier>
    </Filter>
    <Filter Include="Source Files\lights\sphericalfunction">
      <UniqueIdentifier>{6d5e4301-4a15-4023-9a1f-c3f4adb6697a}</UniqueIdentifier>
    </Filter>
    <Filter Include="Source Files\materials">
      <UniqueIdentifier>{19e5e59a-42a5-4fd8-9135-61c8be66b843}</UniqueIdentifier>
    </Filter>
    <Filter Include="Source Files\shapes">
      <UniqueIdentifier>{61916c78-c936-402c-98d7-845b40e6fe66}</UniqueIdentifier>
    </Filter>
    <Filter Include="Source Files\shapes\plymesh">
      <UniqueIdentifier>{6fb4ddc4-fade-41d1-9822-c7e2d2eda5fd}</UniqueIdentifier>
    </Filter>
    <Filter Include="Source Files\samplers">
      <UniqueIdentifier>{4d672742-da8d-4fa3-9307-df54ef6c78ee}</UniqueIdentifier>
    </Filter>
    <Filter Include="Source Files\textures">
      <UniqueIdentifier>{3a795559-74dc-4bbe-b49d-6779e6ab0b2d}</UniqueIdentifier>
    </Filter>
    <Filter Include="Source Files\tonemaps">
      <UniqueIdentifier>{afc0f918-2c00-4e64-b91d-785498169a1a}</UniqueIdentifier>
    </Filter>
    <Filter Include="Source Files\tools">
      <UniqueIdentifier>{5ecd2bd1-91aa-41c8-a188-bbfb713b0812}</UniqueIdentifier>
    </Filter>
    <Filter Include="Source Files\volumes">
      <UniqueIdentifier>{444b337e-95a4-476e-af49-aea599caeed8}</UniqueIdentifier>
    </Filter>
    <Filter Include="Source Files\core">
      <UniqueIdentifier>{7bcc449d-0d65-4ef7-9653-0493515ed1db}</UniqueIdentifier>
    </Filter>
    <Filter Include="Source Files\core\geometry">
      <UniqueIdentifier>{b090b4ca-82e6-439e-ab9c-30be5bd63610}</UniqueIdentifier>
    </Filter>
    <Filter Include="Source Files\core\reflection">
      <UniqueIdentifier>{966ff68d-10fc-43b6-a247-bac83440fc2e}</UniqueIdentifier>
    </Filter>
    <Filter Include="Source Files\core\reflection\bxdf">
      <UniqueIdentifier>{62d7accf-d41d-48df-a8c6-1c3e728f72ad}</UniqueIdentifier>
    </Filter>
    <Filter Include="Source Files\core\reflection\fresnel">
      <UniqueIdentifier>{4c6b759e-5540-444a-a823-1a34c7d59b1a}</UniqueIdentifier>
    </Filter>
    <Filter Include="Source Files\core\reflection\microfacetdistribution">
      <UniqueIdentifier>{997bb368-f16f-4445-87bb-29c90108a387}</UniqueIdentifier>
    </Filter>
    <Filter Include="Source Files\core\queryable">
      <UniqueIdentifier>{fa2f5dda-bf2c-4d94-8c96-861b37982193}</UniqueIdentifier>
    </Filter>
    <Filter Include="Source Files\pixelsamplers">
      <UniqueIdentifier>{e1efd436-955c-45af-94e3-7c5180c878a8}</UniqueIdentifier>
    </Filter>
    <Filter Include="Source Files\spds">
      <UniqueIdentifier>{88920875-ab4f-484d-8f78-cb148412c871}</UniqueIdentifier>
    </Filter>
    <Filter Include="Source Files\python">
      <UniqueIdentifier>{62f24ba6-abe2-477c-bcd5-4235aeec4961}</UniqueIdentifier>
    </Filter>
    <Filter Include="Source Files\qtgui">
      <UniqueIdentifier>{51548915-7889-4ba3-8440-a49713e0ba47}</UniqueIdentifier>
    </Filter>
    <Filter Include="Source Files\wxgui">
      <UniqueIdentifier>{71c4fcb3-21ac-4f72-a0bf-8f1af01ac53e}</UniqueIdentifier>
    </Filter>
    <Filter Include="Source Files\console">
      <UniqueIdentifier>{e8e42579-a5cd-4761-ae56-cee5a435f65f}</UniqueIdentifier>
    </Filter>
    <Filter Include="Source Files\server">
      <UniqueIdentifier>{5701cad3-7d5b-43ed-b3f7-a95ce8c1788a}</UniqueIdentifier>
    </Filter>
    <Filter Include="Header Files">
      <UniqueIdentifier>{93995380-89BD-4b04-88EB-625FBE52EBFB}</UniqueIdentifier>
      <Extensions>h;hpp;hxx;hm;inl;inc;xsd</Extensions>
    </Filter>
    <Filter Include="Header Files\accelerators">
      <UniqueIdentifier>{4acdbc2f-b499-4fe8-9d60-71e9e9d54869}</UniqueIdentifier>
    </Filter>
    <Filter Include="Header Files\cameras">
      <UniqueIdentifier>{8a2e7da0-5893-40fd-879a-35fd515fb6f0}</UniqueIdentifier>
    </Filter>
    <Filter Include="Header Files\film">
      <UniqueIdentifier>{e3a02283-e435-461f-95e5-4ff1d0a8dd34}</UniqueIdentifier>
    </Filter>
    <Filter Include="Header Files\filters">
      <UniqueIdentifier>{4d9458bf-9cf6-4061-b446-80b282507dda}</UniqueIdentifier>
    </Filter>
    <Filter Include="Header Files\integrators">
      <UniqueIdentifier>{4d4baf79-33a6-484d-86fe-d900a700e20d}</UniqueIdentifier>
    </Filter>
    <Filter Include="Header Files\lights">
      <UniqueIdentifier>{c285e3b8-3035-4eff-8333-1d2b48e2de0d}</UniqueIdentifier>
    </Filter>
    <Filter Include="Header Files\lights\data">
      <UniqueIdentifier>{a5a428d9-c8c1-4a05-ba50-6f6bdd3bc82c}</UniqueIdentifier>
    </Filter>
    <Filter Include="Header Files\lights\sphericalfunction">
      <UniqueIdentifier>{99469298-049b-49e9-869f-6058e0c3cbc4}</UniqueIdentifier>
    </Filter>
    <Filter Include="Header Files\materials">
      <UniqueIdentifier>{e3025109-fae8-4a7b-9382-8ddfab42ce9b}</UniqueIdentifier>
    </Filter>
    <Filter Include="Header Files\samplers">
      <UniqueIdentifier>{50788dfa-8f21-4ddf-93b9-db93509c0560}</UniqueIdentifier>
    </Filter>
    <Filter Include="Header Files\shapes">
      <UniqueIdentifier>{de637513-ec5e-4532-937c-b0587d9e263b}</UniqueIdentifier>
    </Filter>
    <Filter Include="Header Files\shapes\plymesh">
      <UniqueIdentifier>{fded041f-4987-4c8e-ac10-e7e4c8b44f1b}</UniqueIdentifier>
    </Filter>
    <Filter Include="Header Files\textures">
      <UniqueIdentifier>{2057b4f8-a8c4-4f50-b0ea-749144a1bfaa}</UniqueIdentifier>
    </Filter>
    <Filter Include="Header Files\tonemaps">
      <UniqueIdentifier>{c9f479f8-6fd6-4fd5-89ab-4522af18e1b1}</UniqueIdentifier>
    </Filter>
    <Filter Include="Header Files\volumes">
      <UniqueIdentifier>{f266fb2d-a3e7-4dbc-845c-80eb0ded4b42}</UniqueIdentifier>
    </Filter>
    <Filter Include="Header Files\core">
      <UniqueIdentifier>{1c762bbe-6c68-4b6e-ae14-83d56ae395bd}</UniqueIdentifier>
    </Filter>
    <Filter Include="Header Files\core\geometry">
      <UniqueIdentifier>{7899cbe8-d7a7-47e7-a4b7-bdc558742da4}</UniqueIdentifier>
    </Filter>
    <Filter Include="Header Files\core\reflection">
      <UniqueIdentifier>{2b40fcd6-e8ca-49ba-9f26-25e5502af758}</UniqueIdentifier>
    </Filter>
    <Filter Include="Header Files\core\reflection\bxdf">
      <UniqueIdentifier>{60a79400-1663-43bf-952f-8cd2c3e01235}</UniqueIdentifier>
    </Filter>
    <Filter Include="Header Files\core\reflection\fresnel">
      <UniqueIdentifier>{2cba4587-cd7d-4ade-a955-7d49a23fb725}</UniqueIdentifier>
    </Filter>
    <Filter Include="Header Files\core\reflection\microfacetdistribution">
      <UniqueIdentifier>{81047bfe-ce45-42b3-92e0-01741958cbaf}</UniqueIdentifier>
    </Filter>
    <Filter Include="Header Files\core\external">
      <UniqueIdentifier>{092dad28-7162-4513-bef0-192a0ad69c42}</UniqueIdentifier>
    </Filter>
    <Filter Include="Header Files\core\queryable">
      <UniqueIdentifier>{5b9bf0db-25e8-4fd5-8aaa-9f24038fb5bf}</UniqueIdentifier>
    </Filter>
    <Filter Include="Header Files\pixelsamplers">
      <UniqueIdentifier>{9e8a9160-fe70-45a0-aa41-f428fd727e22}</UniqueIdentifier>
    </Filter>
    <Filter Include="Header Files\spds">
      <UniqueIdentifier>{a0feb59c-8395-415e-b66c-d993790d2b53}</UniqueIdentifier>
    </Filter>
    <Filter Include="Header Files\spds\data">
      <UniqueIdentifier>{f64094e9-474d-47c3-8f1f-3d42587b01e0}</UniqueIdentifier>
    </Filter>
    <Filter Include="Header Files\qtgui">
      <UniqueIdentifier>{fb804fb8-79b3-4c8c-8685-def255a2e195}</UniqueIdentifier>
    </Filter>
    <Filter Include="Header Files\wxgui">
      <UniqueIdentifier>{a3ed9c91-aa9d-405e-928b-3081ed05106a}</UniqueIdentifier>
    </Filter>
    <Filter Include="Header Files\console">
      <UniqueIdentifier>{c5583e7c-bafa-481f-b8a1-9f598a1cde95}</UniqueIdentifier>
    </Filter>
    <Filter Include="Header Files\server">
      <UniqueIdentifier>{56ae6afb-6bf8-4675-9cab-c08d0ea6cd5b}</UniqueIdentifier>
    </Filter>
    <Filter Include="Header Files\python">
      <UniqueIdentifier>{b1ad11ab-5add-456e-a24e-317562e5581a}</UniqueIdentifier>
    </Filter>
    <Filter Include="Header Files\tools">
      <UniqueIdentifier>{efb93f39-3c2b-4eca-b597-4f4f41c3ad0d}</UniqueIdentifier>
    </Filter>
    <Filter Include="Resource Files">
      <UniqueIdentifier>{67DA6AB6-F800-4c08-8B7A-83BB121AAD01}</UniqueIdentifier>
      <Extensions>rc;ico;cur;bmp;dlg;rc2;rct;bin;rgs;gif;jpg;jpeg;jpe;resx</Extensions>
    </Filter>
    <Filter Include="Parser Files">
      <UniqueIdentifier>{a3aca598-478f-4bba-b2c8-05152be26462}</UniqueIdentifier>
    </Filter>
    <Filter Include="_BuildPropertySheets">
      <UniqueIdentifier>{73b62c2d-9d90-4d36-8ba3-b79948a9112a}</UniqueIdentifier>
    </Filter>
    <Filter Include="QT">
      <UniqueIdentifier>{5a35fbd9-82ee-4ac6-9dd5-27baa0809709}</UniqueIdentifier>
    </Filter>
    <Filter Include="QT\UI Files">
      <UniqueIdentifier>{1a25c373-e495-4181-9c94-beee8020a4e4}</UniqueIdentifier>
    </Filter>
    <Filter Include="QT\ResourceFiles">
      <UniqueIdentifier>{b50c90b1-9449-438a-967e-4a60e14c1211}</UniqueIdentifier>
    </Filter>
    <Filter Include="Header Files\renderers">
      <UniqueIdentifier>{109455fb-96cd-4aef-be21-96004869b8ef}</UniqueIdentifier>
    </Filter>
    <Filter Include="Source Files\renderers">
      <UniqueIdentifier>{c1cf1cf8-5c80-444b-a589-2d8abc6fc6e1}</UniqueIdentifier>
    </Filter>
  </ItemGroup>
  <ItemGroup>
    <ClCompile Include="..\..\lux\accelerators\bruteforce.cpp">
      <Filter>Source Files\accelerators</Filter>
    </ClCompile>
    <ClCompile Include="..\..\lux\accelerators\bvhaccel.cpp">
      <Filter>Source Files\accelerators</Filter>
    </ClCompile>
    <ClCompile Include="..\..\lux\accelerators\grid.cpp">
      <Filter>Source Files\accelerators</Filter>
    </ClCompile>
    <ClCompile Include="..\..\lux\accelerators\qbvhaccel.cpp">
      <Filter>Source Files\accelerators</Filter>
    </ClCompile>
    <ClCompile Include="..\..\lux\accelerators\tabreckdtree.cpp">
      <Filter>Source Files\accelerators</Filter>
    </ClCompile>
    <ClCompile Include="..\..\lux\accelerators\unsafekdtree.cpp">
      <Filter>Source Files\accelerators</Filter>
    </ClCompile>
    <ClCompile Include="..\..\lux\film\fleximage.cpp">
      <Filter>Source Files\film</Filter>
    </ClCompile>
    <ClCompile Include="..\..\lux\cameras\environment.cpp">
      <Filter>Source Files\cameras</Filter>
    </ClCompile>
    <ClCompile Include="..\..\lux\cameras\orthographic.cpp">
      <Filter>Source Files\cameras</Filter>
    </ClCompile>
    <ClCompile Include="..\..\lux\cameras\perspective.cpp">
      <Filter>Source Files\cameras</Filter>
    </ClCompile>
    <ClCompile Include="..\..\lux\cameras\realistic.cpp">
      <Filter>Source Files\cameras</Filter>
    </ClCompile>
    <ClCompile Include="..\..\lux\filters\box.cpp">
      <Filter>Source Files\filters</Filter>
    </ClCompile>
    <ClCompile Include="..\..\lux\filters\gaussian.cpp">
      <Filter>Source Files\filters</Filter>
    </ClCompile>
    <ClCompile Include="..\..\lux\filters\mitchell.cpp">
      <Filter>Source Files\filters</Filter>
    </ClCompile>
    <ClCompile Include="..\..\lux\filters\sinc.cpp">
      <Filter>Source Files\filters</Filter>
    </ClCompile>
    <ClCompile Include="..\..\lux\filters\triangle.cpp">
      <Filter>Source Files\filters</Filter>
    </ClCompile>
    <ClCompile Include="..\..\lux\integrators\bidirectional.cpp">
      <Filter>Source Files\integrators</Filter>
    </ClCompile>
    <ClCompile Include="..\..\lux\integrators\directlighting.cpp">
      <Filter>Source Files\integrators</Filter>
    </ClCompile>
    <ClCompile Include="..\..\lux\integrators\distributedpath.cpp">
      <Filter>Source Files\integrators</Filter>
    </ClCompile>
    <ClCompile Include="..\..\lux\integrators\emission.cpp">
      <Filter>Source Files\integrators</Filter>
    </ClCompile>
    <ClCompile Include="..\..\lux\integrators\exphotonmap.cpp">
      <Filter>Source Files\integrators</Filter>
    </ClCompile>
    <ClCompile Include="..\..\lux\integrators\igi.cpp">
      <Filter>Source Files\integrators</Filter>
    </ClCompile>
    <ClCompile Include="..\..\lux\integrators\path.cpp">
      <Filter>Source Files\integrators</Filter>
    </ClCompile>
    <ClCompile Include="..\..\lux\integrators\single.cpp">
      <Filter>Source Files\integrators</Filter>
    </ClCompile>
    <ClCompile Include="..\..\lux\lights\area.cpp">
      <Filter>Source Files\lights</Filter>
    </ClCompile>
    <ClCompile Include="..\..\lux\lights\distant.cpp">
      <Filter>Source Files\lights</Filter>
    </ClCompile>
    <ClCompile Include="..\..\lux\lights\infinite.cpp">
      <Filter>Source Files\lights</Filter>
    </ClCompile>
    <ClCompile Include="..\..\lux\lights\infinitesample.cpp">
      <Filter>Source Files\lights</Filter>
    </ClCompile>
    <ClCompile Include="..\..\lux\lights\pointlight.cpp">
      <Filter>Source Files\lights</Filter>
    </ClCompile>
    <ClCompile Include="..\..\lux\lights\projection.cpp">
      <Filter>Source Files\lights</Filter>
    </ClCompile>
    <ClCompile Include="..\..\lux\lights\sky.cpp">
      <Filter>Source Files\lights</Filter>
    </ClCompile>
    <ClCompile Include="..\..\lux\lights\spot.cpp">
      <Filter>Source Files\lights</Filter>
    </ClCompile>
    <ClCompile Include="..\..\lux\lights\sun.cpp">
      <Filter>Source Files\lights</Filter>
    </ClCompile>
    <ClCompile Include="..\..\lux\lights\sphericalfunction\photometricdata_ies.cpp">
      <Filter>Source Files\lights\sphericalfunction</Filter>
    </ClCompile>
    <ClCompile Include="..\..\lux\lights\sphericalfunction\sphericalfunction.cpp">
      <Filter>Source Files\lights\sphericalfunction</Filter>
    </ClCompile>
    <ClCompile Include="..\..\lux\lights\sphericalfunction\sphericalfunction_ies.cpp">
      <Filter>Source Files\lights\sphericalfunction</Filter>
    </ClCompile>
    <ClCompile Include="..\..\lux\materials\carpaint.cpp">
      <Filter>Source Files\materials</Filter>
    </ClCompile>
    <ClCompile Include="..\..\lux\materials\glass.cpp">
      <Filter>Source Files\materials</Filter>
    </ClCompile>
    <ClCompile Include="..\..\lux\materials\glass2.cpp">
      <Filter>Source Files\materials</Filter>
    </ClCompile>
    <ClCompile Include="..\..\lux\materials\glossy.cpp">
      <Filter>Source Files\materials</Filter>
    </ClCompile>
    <ClCompile Include="..\..\lux\materials\glossy2.cpp">
      <Filter>Source Files\materials</Filter>
    </ClCompile>
    <ClCompile Include="..\..\lux\materials\matte.cpp">
      <Filter>Source Files\materials</Filter>
    </ClCompile>
    <ClCompile Include="..\..\lux\materials\mattetranslucent.cpp">
      <Filter>Source Files\materials</Filter>
    </ClCompile>
    <ClCompile Include="..\..\lux\materials\metal.cpp">
      <Filter>Source Files\materials</Filter>
    </ClCompile>
    <ClCompile Include="..\..\lux\materials\mirror.cpp">
      <Filter>Source Files\materials</Filter>
    </ClCompile>
    <ClCompile Include="..\..\lux\materials\mixmaterial.cpp">
      <Filter>Source Files\materials</Filter>
    </ClCompile>
    <ClCompile Include="..\..\lux\materials\null.cpp">
      <Filter>Source Files\materials</Filter>
    </ClCompile>
    <ClCompile Include="..\..\lux\materials\roughglass.cpp">
      <Filter>Source Files\materials</Filter>
    </ClCompile>
    <ClCompile Include="..\..\lux\materials\shinymetal.cpp">
      <Filter>Source Files\materials</Filter>
    </ClCompile>
    <ClCompile Include="..\..\lux\shapes\cone.cpp">
      <Filter>Source Files\shapes</Filter>
    </ClCompile>
    <ClCompile Include="..\..\lux\shapes\cylinder.cpp">
      <Filter>Source Files\shapes</Filter>
    </ClCompile>
    <ClCompile Include="..\..\lux\shapes\disk.cpp">
      <Filter>Source Files\shapes</Filter>
    </ClCompile>
    <ClCompile Include="..\..\lux\shapes\heightfield.cpp">
      <Filter>Source Files\shapes</Filter>
    </ClCompile>
    <ClCompile Include="..\..\lux\shapes\hyperboloid.cpp">
      <Filter>Source Files\shapes</Filter>
    </ClCompile>
    <ClCompile Include="..\..\lux\shapes\lenscomponent.cpp">
      <Filter>Source Files\shapes</Filter>
    </ClCompile>
    <ClCompile Include="..\..\lux\shapes\loopsubdiv.cpp">
      <Filter>Source Files\shapes</Filter>
    </ClCompile>
    <ClCompile Include="..\..\lux\shapes\mesh.cpp">
      <Filter>Source Files\shapes</Filter>
    </ClCompile>
    <ClCompile Include="..\..\lux\shapes\meshbarytriangle.cpp">
      <Filter>Source Files\shapes</Filter>
    </ClCompile>
    <ClCompile Include="..\..\lux\shapes\meshquadrilateral.cpp">
      <Filter>Source Files\shapes</Filter>
    </ClCompile>
    <ClCompile Include="..\..\lux\shapes\meshwaldtriangle.cpp">
      <Filter>Source Files\shapes</Filter>
    </ClCompile>
    <ClCompile Include="..\..\lux\shapes\nurbs.cpp">
      <Filter>Source Files\shapes</Filter>
    </ClCompile>
    <ClCompile Include="..\..\lux\shapes\paraboloid.cpp">
      <Filter>Source Files\shapes</Filter>
    </ClCompile>
    <ClCompile Include="..\..\lux\shapes\plymesh.cpp">
      <Filter>Source Files\shapes</Filter>
    </ClCompile>
    <ClCompile Include="..\..\lux\shapes\sphere.cpp">
      <Filter>Source Files\shapes</Filter>
    </ClCompile>
    <ClCompile Include="..\..\lux\shapes\torus.cpp">
      <Filter>Source Files\shapes</Filter>
    </ClCompile>
    <ClCompile Include="..\..\lux\shapes\plymesh\rply.c">
      <Filter>Source Files\shapes\plymesh</Filter>
    </ClCompile>
    <ClCompile Include="..\..\lux\samplers\erpt.cpp">
      <Filter>Source Files\samplers</Filter>
    </ClCompile>
    <ClCompile Include="..\..\lux\samplers\lowdiscrepancy.cpp">
      <Filter>Source Files\samplers</Filter>
    </ClCompile>
    <ClCompile Include="..\..\lux\samplers\metrosampler.cpp">
      <Filter>Source Files\samplers</Filter>
    </ClCompile>
    <ClCompile Include="..\..\lux\samplers\random.cpp">
      <Filter>Source Files\samplers</Filter>
    </ClCompile>
    <ClCompile Include="..\..\lux\textures\bilerp.cpp">
      <Filter>Source Files\textures</Filter>
    </ClCompile>
    <ClCompile Include="..\..\lux\textures\blackbody.cpp">
      <Filter>Source Files\textures</Filter>
    </ClCompile>
    <ClCompile Include="..\..\lux\textures\blender_base.cpp">
      <Filter>Source Files\textures</Filter>
    </ClCompile>
    <ClCompile Include="..\..\lux\textures\blender_blend.cpp">
      <Filter>Source Files\textures</Filter>
    </ClCompile>
    <ClCompile Include="..\..\lux\textures\blender_clouds.cpp">
      <Filter>Source Files\textures</Filter>
    </ClCompile>
    <ClCompile Include="..\..\lux\textures\blender_distortednoise.cpp">
      <Filter>Source Files\textures</Filter>
    </ClCompile>
    <ClCompile Include="..\..\lux\textures\blender_magic.cpp">
      <Filter>Source Files\textures</Filter>
    </ClCompile>
    <ClCompile Include="..\..\lux\textures\blender_marble.cpp">
      <Filter>Source Files\textures</Filter>
    </ClCompile>
    <ClCompile Include="..\..\lux\textures\blender_musgrave.cpp">
      <Filter>Source Files\textures</Filter>
    </ClCompile>
    <ClCompile Include="..\..\lux\textures\blender_noise.cpp">
      <Filter>Source Files\textures</Filter>
    </ClCompile>
    <ClCompile Include="..\..\lux\textures\blender_noiselib.cpp">
      <Filter>Source Files\textures</Filter>
    </ClCompile>
    <ClCompile Include="..\..\lux\textures\blender_stucci.cpp">
      <Filter>Source Files\textures</Filter>
    </ClCompile>
    <ClCompile Include="..\..\lux\textures\blender_texlib.cpp">
      <Filter>Source Files\textures</Filter>
    </ClCompile>
    <ClCompile Include="..\..\lux\textures\blender_voronoi.cpp">
      <Filter>Source Files\textures</Filter>
    </ClCompile>
    <ClCompile Include="..\..\lux\textures\blender_wood.cpp">
      <Filter>Source Files\textures</Filter>
    </ClCompile>
    <ClCompile Include="..\..\lux\textures\brick.cpp">
      <Filter>Source Files\textures</Filter>
    </ClCompile>
    <ClCompile Include="..\..\lux\textures\cauchytexture.cpp">
      <Filter>Source Files\textures</Filter>
    </ClCompile>
    <ClCompile Include="..\..\lux\textures\checkerboard.cpp">
      <Filter>Source Files\textures</Filter>
    </ClCompile>
    <ClCompile Include="..\..\lux\textures\constant.cpp">
      <Filter>Source Files\textures</Filter>
    </ClCompile>
    <ClCompile Include="..\..\lux\textures\dots.cpp">
      <Filter>Source Files\textures</Filter>
    </ClCompile>
    <ClCompile Include="..\..\lux\textures\equalenergy.cpp">
      <Filter>Source Files\textures</Filter>
    </ClCompile>
    <ClCompile Include="..\..\lux\textures\fbm.cpp">
      <Filter>Source Files\textures</Filter>
    </ClCompile>
    <ClCompile Include="..\..\lux\textures\frequencytexture.cpp">
      <Filter>Source Files\textures</Filter>
    </ClCompile>
    <ClCompile Include="..\..\lux\textures\gaussiantexture.cpp">
      <Filter>Source Files\textures</Filter>
    </ClCompile>
    <ClCompile Include="..\..\lux\textures\harlequin.cpp">
      <Filter>Source Files\textures</Filter>
    </ClCompile>
    <ClCompile Include="..\..\lux\textures\imagemap.cpp">
      <Filter>Source Files\textures</Filter>
    </ClCompile>
    <ClCompile Include="..\..\lux\textures\irregulardata.cpp">
      <Filter>Source Files\textures</Filter>
    </ClCompile>
    <ClCompile Include="..\..\lux\textures\lampspectrum.cpp">
      <Filter>Source Files\textures</Filter>
    </ClCompile>
    <ClCompile Include="..\..\lux\textures\marble.cpp">
      <Filter>Source Files\textures</Filter>
    </ClCompile>
    <ClCompile Include="..\..\lux\textures\mix.cpp">
      <Filter>Source Files\textures</Filter>
    </ClCompile>
    <ClCompile Include="..\..\lux\textures\regulardata.cpp">
      <Filter>Source Files\textures</Filter>
    </ClCompile>
    <ClCompile Include="..\..\lux\textures\scale.cpp">
      <Filter>Source Files\textures</Filter>
    </ClCompile>
    <ClCompile Include="..\..\lux\textures\sellmeiertexture.cpp">
      <Filter>Source Files\textures</Filter>
    </ClCompile>
    <ClCompile Include="..\..\lux\textures\tabulateddata.cpp">
      <Filter>Source Files\textures</Filter>
    </ClCompile>
    <ClCompile Include="..\..\lux\textures\tabulatedfresnel.cpp">
      <Filter>Source Files\textures</Filter>
    </ClCompile>
    <ClCompile Include="..\..\lux\textures\uv.cpp">
      <Filter>Source Files\textures</Filter>
    </ClCompile>
    <ClCompile Include="..\..\lux\textures\uvmask.cpp">
      <Filter>Source Files\textures</Filter>
    </ClCompile>
    <ClCompile Include="..\..\lux\textures\windy.cpp">
      <Filter>Source Files\textures</Filter>
    </ClCompile>
    <ClCompile Include="..\..\lux\textures\wrinkled.cpp">
      <Filter>Source Files\textures</Filter>
    </ClCompile>
    <ClCompile Include="..\..\lux\tonemaps\contrast.cpp">
      <Filter>Source Files\tonemaps</Filter>
    </ClCompile>
    <ClCompile Include="..\..\lux\tonemaps\highcontrast.cpp">
      <Filter>Source Files\tonemaps</Filter>
    </ClCompile>
    <ClCompile Include="..\..\lux\tonemaps\lineartonemap.cpp">
      <Filter>Source Files\tonemaps</Filter>
    </ClCompile>
    <ClCompile Include="..\..\lux\tonemaps\maxwhite.cpp">
      <Filter>Source Files\tonemaps</Filter>
    </ClCompile>
    <ClCompile Include="..\..\lux\tonemaps\nonlinear.cpp">
      <Filter>Source Files\tonemaps</Filter>
    </ClCompile>
    <ClCompile Include="..\..\lux\tonemaps\reinhard.cpp">
      <Filter>Source Files\tonemaps</Filter>
    </ClCompile>
    <ClCompile Include="..\..\lux\tools\luxcomp.cpp">
      <Filter>Source Files\tools</Filter>
    </ClCompile>
    <ClCompile Include="..\..\lux\tools\luxmerger.cpp">
      <Filter>Source Files\tools</Filter>
    </ClCompile>
    <ClCompile Include="..\..\lux\volumes\clearvolume.cpp">
      <Filter>Source Files\volumes</Filter>
    </ClCompile>
    <ClCompile Include="..\..\lux\volumes\cloud.cpp">
      <Filter>Source Files\volumes</Filter>
    </ClCompile>
    <ClCompile Include="..\..\lux\volumes\exponential.cpp">
      <Filter>Source Files\volumes</Filter>
    </ClCompile>
    <ClCompile Include="..\..\lux\volumes\homogeneous.cpp">
      <Filter>Source Files\volumes</Filter>
    </ClCompile>
    <ClCompile Include="..\..\lux\volumes\volumegrid.cpp">
      <Filter>Source Files\volumes</Filter>
    </ClCompile>
    <ClCompile Include="..\..\lux\core\api.cpp">
      <Filter>Source Files\core</Filter>
    </ClCompile>
    <ClCompile Include="..\..\lux\core\camera.cpp">
      <Filter>Source Files\core</Filter>
    </ClCompile>
    <ClCompile Include="..\..\lux\core\color.cpp">
      <Filter>Source Files\core</Filter>
    </ClCompile>
    <ClCompile Include="..\..\lux\core\context.cpp">
      <Filter>Source Files\core</Filter>
    </ClCompile>
    <ClCompile Include="..\..\lux\core\contribution.cpp">
      <Filter>Source Files\core</Filter>
    </ClCompile>
    <ClCompile Include="..\..\lux\core\dynload.cpp">
      <Filter>Source Files\core</Filter>
    </ClCompile>
    <ClCompile Include="..\..\lux\core\epsilon.cpp">
      <Filter>Source Files\core</Filter>
    </ClCompile>
    <ClCompile Include="..\..\lux\core\exrio.cpp">
      <Filter>Source Files\core</Filter>
    </ClCompile>
    <ClCompile Include="..\..\lux\core\film.cpp">
      <Filter>Source Files\core</Filter>
    </ClCompile>
    <ClCompile Include="..\..\lux\core\igiio.cpp">
      <Filter>Source Files\core</Filter>
    </ClCompile>
    <ClCompile Include="..\..\lux\core\imagereader.cpp">
      <Filter>Source Files\core</Filter>
    </ClCompile>
    <ClCompile Include="..\..\lux\core\light.cpp">
      <Filter>Source Files\core</Filter>
    </ClCompile>
    <ClCompile Include="..\..\lux\core\luxlex.cpp">
      <Filter>Source Files\core</Filter>
    </ClCompile>
    <ClCompile Include="..\..\lux\core\luxparse.cpp">
      <Filter>Source Files\core</Filter>
    </ClCompile>
    <ClCompile Include="..\..\lux\core\material.cpp">
      <Filter>Source Files\core</Filter>
    </ClCompile>
    <ClCompile Include="..\..\lux\core\mc.cpp">
      <Filter>Source Files\core</Filter>
    </ClCompile>
    <ClCompile Include="..\..\lux\core\motionsystem.cpp">
      <Filter>Source Files\core</Filter>
    </ClCompile>
    <ClCompile Include="..\..\lux\core\osfunc.cpp">
      <Filter>Source Files\core</Filter>
    </ClCompile>
    <ClCompile Include="..\..\lux\core\paramset.cpp">
      <Filter>Source Files\core</Filter>
    </ClCompile>
    <ClCompile Include="..\..\lux\core\photonmap.cpp">
      <Filter>Source Files\core</Filter>
    </ClCompile>
    <ClCompile Include="..\..\lux\core\pngio.cpp">
      <Filter>Source Files\core</Filter>
    </ClCompile>
    <ClCompile Include="..\..\lux\core\primitive.cpp">
      <Filter>Source Files\core</Filter>
    </ClCompile>
    <ClCompile Include="..\..\lux\core\renderfarm.cpp">
      <Filter>Source Files\core</Filter>
    </ClCompile>
    <ClCompile Include="..\..\lux\core\renderinghints.cpp">
      <Filter>Source Files\core</Filter>
    </ClCompile>
    <ClCompile Include="..\..\lux\core\sampling.cpp">
      <Filter>Source Files\core</Filter>
    </ClCompile>
    <ClCompile Include="..\..\lux\core\scene.cpp">
      <Filter>Source Files\core</Filter>
    </ClCompile>
    <ClCompile Include="..\..\lux\core\shape.cpp">
      <Filter>Source Files\core</Filter>
    </ClCompile>
    <ClCompile Include="..\..\lux\core\spd.cpp">
      <Filter>Source Files\core</Filter>
    </ClCompile>
    <ClCompile Include="..\..\lux\core\spectrum.cpp">
      <Filter>Source Files\core</Filter>
    </ClCompile>
    <ClCompile Include="..\..\lux\core\spectrumwavelengths.cpp">
      <Filter>Source Files\core</Filter>
    </ClCompile>
    <ClCompile Include="..\..\lux\core\texture.cpp">
      <Filter>Source Files\core</Filter>
    </ClCompile>
    <ClCompile Include="..\..\lux\core\tgaio.cpp">
      <Filter>Source Files\core</Filter>
    </ClCompile>
    <ClCompile Include="..\..\lux\core\timer.cpp">
      <Filter>Source Files\core</Filter>
    </ClCompile>
    <ClCompile Include="..\..\lux\core\transport.cpp">
      <Filter>Source Files\core</Filter>
    </ClCompile>
    <ClCompile Include="..\..\lux\core\util.cpp">
      <Filter>Source Files\core</Filter>
    </ClCompile>
    <ClCompile Include="..\..\lux\core\volume.cpp">
      <Filter>Source Files\core</Filter>
    </ClCompile>
    <ClCompile Include="..\..\lux\core\geometry\bbox.cpp">
      <Filter>Source Files\core\geometry</Filter>
    </ClCompile>
    <ClCompile Include="..\..\lux\core\geometry\matrix4x4.cpp">
      <Filter>Source Files\core\geometry</Filter>
    </ClCompile>
    <ClCompile Include="..\..\lux\core\geometry\quaternion.cpp">
      <Filter>Source Files\core\geometry</Filter>
    </ClCompile>
    <ClCompile Include="..\..\lux\core\geometry\raydifferential.cpp">
      <Filter>Source Files\core\geometry</Filter>
    </ClCompile>
    <ClCompile Include="..\..\lux\core\geometry\transform.cpp">
      <Filter>Source Files\core\geometry</Filter>
    </ClCompile>
    <ClCompile Include="..\..\lux\core\reflection\bxdf.cpp">
      <Filter>Source Files\core\reflection</Filter>
    </ClCompile>
    <ClCompile Include="..\..\lux\core\reflection\fresnel.cpp">
      <Filter>Source Files\core\reflection</Filter>
    </ClCompile>
    <ClCompile Include="..\..\lux\core\reflection\microfacetdistribution.cpp">
      <Filter>Source Files\core\reflection</Filter>
    </ClCompile>
    <ClCompile Include="..\..\lux\core\reflection\bxdf\brdftobtdf.cpp">
      <Filter>Source Files\core\reflection\bxdf</Filter>
    </ClCompile>
    <ClCompile Include="..\..\lux\core\reflection\bxdf\cooktorrance.cpp">
      <Filter>Source Files\core\reflection\bxdf</Filter>
    </ClCompile>
    <ClCompile Include="..\..\lux\core\reflection\bxdf\fresnelblend.cpp">
      <Filter>Source Files\core\reflection\bxdf</Filter>
    </ClCompile>
    <ClCompile Include="..\..\lux\core\reflection\bxdf\lafortune.cpp">
      <Filter>Source Files\core\reflection\bxdf</Filter>
    </ClCompile>
    <ClCompile Include="..\..\lux\core\reflection\bxdf\lambertian.cpp">
      <Filter>Source Files\core\reflection\bxdf</Filter>
    </ClCompile>
    <ClCompile Include="..\..\lux\core\reflection\bxdf\microfacet.cpp">
      <Filter>Source Files\core\reflection\bxdf</Filter>
    </ClCompile>
    <ClCompile Include="..\..\lux\core\reflection\bxdf\nulltransmission.cpp">
      <Filter>Source Files\core\reflection\bxdf</Filter>
    </ClCompile>
    <ClCompile Include="..\..\lux\core\reflection\bxdf\orennayar.cpp">
      <Filter>Source Files\core\reflection\bxdf</Filter>
    </ClCompile>
    <ClCompile Include="..\..\lux\core\reflection\bxdf\schlickbrdf.cpp">
      <Filter>Source Files\core\reflection\bxdf</Filter>
    </ClCompile>
    <ClCompile Include="..\..\lux\core\reflection\bxdf\specularreflection.cpp">
      <Filter>Source Files\core\reflection\bxdf</Filter>
    </ClCompile>
    <ClCompile Include="..\..\lux\core\reflection\bxdf\speculartransmission.cpp">
      <Filter>Source Files\core\reflection\bxdf</Filter>
    </ClCompile>
    <ClCompile Include="..\..\lux\core\reflection\fresnel\fresnelcauchy.cpp">
      <Filter>Source Files\core\reflection\fresnel</Filter>
    </ClCompile>
    <ClCompile Include="..\..\lux\core\reflection\fresnel\fresnelconductor.cpp">
      <Filter>Source Files\core\reflection\fresnel</Filter>
    </ClCompile>
    <ClCompile Include="..\..\lux\core\reflection\fresnel\fresneldielectric.cpp">
      <Filter>Source Files\core\reflection\fresnel</Filter>
    </ClCompile>
    <ClCompile Include="..\..\lux\core\reflection\fresnel\fresnelgeneral.cpp">
      <Filter>Source Files\core\reflection\fresnel</Filter>
    </ClCompile>
    <ClCompile Include="..\..\lux\core\reflection\fresnel\fresnelnoop.cpp">
      <Filter>Source Files\core\reflection\fresnel</Filter>
    </ClCompile>
    <ClCompile Include="..\..\lux\core\reflection\fresnel\fresnelslick.cpp">
      <Filter>Source Files\core\reflection\fresnel</Filter>
    </ClCompile>
    <ClCompile Include="..\..\lux\core\reflection\microfacetdistribution\anisotropic.cpp">
      <Filter>Source Files\core\reflection\microfacetdistribution</Filter>
    </ClCompile>
    <ClCompile Include="..\..\lux\core\reflection\microfacetdistribution\beckmann.cpp">
      <Filter>Source Files\core\reflection\microfacetdistribution</Filter>
    </ClCompile>
    <ClCompile Include="..\..\lux\core\reflection\microfacetdistribution\blinn.cpp">
      <Filter>Source Files\core\reflection\microfacetdistribution</Filter>
    </ClCompile>
    <ClCompile Include="..\..\lux\core\reflection\microfacetdistribution\schlickdistribution.cpp">
      <Filter>Source Files\core\reflection\microfacetdistribution</Filter>
    </ClCompile>
    <ClCompile Include="..\..\lux\core\reflection\microfacetdistribution\wardisotropic.cpp">
      <Filter>Source Files\core\reflection\microfacetdistribution</Filter>
    </ClCompile>
    <ClCompile Include="..\..\lux\core\queryable\queryable.cpp">
      <Filter>Source Files\core\queryable</Filter>
    </ClCompile>
    <ClCompile Include="..\..\lux\core\queryable\queryableattribute.cpp">
      <Filter>Source Files\core\queryable</Filter>
    </ClCompile>
    <ClCompile Include="..\..\lux\core\queryable\queryableregistry.cpp">
      <Filter>Source Files\core\queryable</Filter>
    </ClCompile>
    <ClCompile Include="..\..\lux\pixelsamplers\hilbertpx.cpp">
      <Filter>Source Files\pixelsamplers</Filter>
    </ClCompile>
    <ClCompile Include="..\..\lux\pixelsamplers\linear.cpp">
      <Filter>Source Files\pixelsamplers</Filter>
    </ClCompile>
    <ClCompile Include="..\..\lux\pixelsamplers\lowdiscrepancypx.cpp">
      <Filter>Source Files\pixelsamplers</Filter>
    </ClCompile>
    <ClCompile Include="..\..\lux\pixelsamplers\tilepx.cpp">
      <Filter>Source Files\pixelsamplers</Filter>
    </ClCompile>
    <ClCompile Include="..\..\lux\pixelsamplers\vegas.cpp">
      <Filter>Source Files\pixelsamplers</Filter>
    </ClCompile>
    <ClCompile Include="..\..\lux\spds\blackbodyspd.cpp">
      <Filter>Source Files\spds</Filter>
    </ClCompile>
    <ClCompile Include="..\..\lux\spds\equalspd.cpp">
      <Filter>Source Files\spds</Filter>
    </ClCompile>
    <ClCompile Include="..\..\lux\spds\frequencyspd.cpp">
      <Filter>Source Files\spds</Filter>
    </ClCompile>
    <ClCompile Include="..\..\lux\spds\gaussianspd.cpp">
      <Filter>Source Files\spds</Filter>
    </ClCompile>
    <ClCompile Include="..\..\lux\spds\irregular.cpp">
      <Filter>Source Files\spds</Filter>
    </ClCompile>
    <ClCompile Include="..\..\lux\spds\regular.cpp">
      <Filter>Source Files\spds</Filter>
    </ClCompile>
    <ClCompile Include="..\..\lux\spds\rgbillum.cpp">
      <Filter>Source Files\spds</Filter>
    </ClCompile>
    <ClCompile Include="..\..\lux\spds\rgbrefl.cpp">
      <Filter>Source Files\spds</Filter>
    </ClCompile>
    <ClCompile Include="..\..\lux\python\binding.cpp">
      <Filter>Source Files\python</Filter>
    </ClCompile>
    <ClCompile Include="..\..\lux\qtgui\aboutdialog-hxx.cpp">
      <Filter>Source Files\qtgui</Filter>
    </ClCompile>
    <ClCompile Include="..\..\lux\qtgui\aboutdialog.cpp">
      <Filter>Source Files\qtgui</Filter>
    </ClCompile>
    <ClCompile Include="..\..\lux\qtgui\colorspacewidget-hxx.cpp">
      <Filter>Source Files\qtgui</Filter>
    </ClCompile>
    <ClCompile Include="..\..\lux\qtgui\colorspacewidget.cpp">
      <Filter>Source Files\qtgui</Filter>
    </ClCompile>
    <ClCompile Include="..\..\lux\qtgui\gammawidget-hxx.cpp">
      <Filter>Source Files\qtgui</Filter>
    </ClCompile>
    <ClCompile Include="..\..\lux\qtgui\gammawidget.cpp">
      <Filter>Source Files\qtgui</Filter>
    </ClCompile>
    <ClCompile Include="..\..\lux\qtgui\histogramview-hxx.cpp">
      <Filter>Source Files\qtgui</Filter>
    </ClCompile>
    <ClCompile Include="..\..\lux\qtgui\histogramview.cpp">
      <Filter>Source Files\qtgui</Filter>
    </ClCompile>
    <ClCompile Include="..\..\lux\qtgui\histogramwidget-hxx.cpp">
      <Filter>Source Files\qtgui</Filter>
    </ClCompile>
    <ClCompile Include="..\..\lux\qtgui\histogramwidget.cpp">
      <Filter>Source Files\qtgui</Filter>
    </ClCompile>
    <ClCompile Include="..\..\lux\qtgui\icons.cpp">
      <Filter>Source Files\qtgui</Filter>
    </ClCompile>
    <ClCompile Include="..\..\lux\qtgui\lenseffectswidget-hxx.cpp">
      <Filter>Source Files\qtgui</Filter>
    </ClCompile>
    <ClCompile Include="..\..\lux\qtgui\lenseffectswidget.cpp">
      <Filter>Source Files\qtgui</Filter>
    </ClCompile>
    <ClCompile Include="..\..\lux\qtgui\lightgroupwidget-hxx.cpp">
      <Filter>Source Files\qtgui</Filter>
    </ClCompile>
    <ClCompile Include="..\..\lux\qtgui\lightgroupwidget.cpp">
      <Filter>Source Files\qtgui</Filter>
    </ClCompile>
    <ClCompile Include="..\..\lux\qtgui\luxapp-hxx.cpp">
      <Filter>Source Files\qtgui</Filter>
    </ClCompile>
    <ClCompile Include="..\..\lux\qtgui\luxapp.cpp">
      <Filter>Source Files\qtgui</Filter>
    </ClCompile>
    <ClCompile Include="..\..\lux\qtgui\main.cpp">
      <Filter>Source Files\qtgui</Filter>
    </ClCompile>
    <ClCompile Include="..\..\lux\qtgui\mainwindow-hxx.cpp">
      <Filter>Source Files\qtgui</Filter>
    </ClCompile>
    <ClCompile Include="..\..\lux\qtgui\mainwindow.cpp">
      <Filter>Source Files\qtgui</Filter>
    </ClCompile>
    <ClCompile Include="..\..\lux\qtgui\noisereductionwidget-hxx.cpp">
      <Filter>Source Files\qtgui</Filter>
    </ClCompile>
    <ClCompile Include="..\..\lux\qtgui\noisereductionwidget.cpp">
      <Filter>Source Files\qtgui</Filter>
    </ClCompile>
    <ClCompile Include="..\..\lux\qtgui\panewidget-hxx.cpp">
      <Filter>Source Files\qtgui</Filter>
    </ClCompile>
    <ClCompile Include="..\..\lux\qtgui\panewidget.cpp">
      <Filter>Source Files\qtgui</Filter>
    </ClCompile>
    <ClCompile Include="..\..\lux\qtgui\renderview-hxx.cpp">
      <Filter>Source Files\qtgui</Filter>
    </ClCompile>
    <ClCompile Include="..\..\lux\qtgui\renderview.cpp">
      <Filter>Source Files\qtgui</Filter>
    </ClCompile>
    <ClCompile Include="..\..\lux\qtgui\tonemapwidget-hxx.cpp">
      <Filter>Source Files\qtgui</Filter>
    </ClCompile>
    <ClCompile Include="..\..\lux\qtgui\tonemapwidget.cpp">
      <Filter>Source Files\qtgui</Filter>
    </ClCompile>
    <ClCompile Include="..\..\lux\wxgui\wxglviewer.cpp">
      <Filter>Source Files\wxgui</Filter>
    </ClCompile>
    <ClCompile Include="..\..\lux\wxgui\wxluxapp.cpp">
      <Filter>Source Files\wxgui</Filter>
    </ClCompile>
    <ClCompile Include="..\..\lux\wxgui\wxluxframe.cpp">
      <Filter>Source Files\wxgui</Filter>
    </ClCompile>
    <ClCompile Include="..\..\lux\wxgui\wxluxgui.cpp">
      <Filter>Source Files\wxgui</Filter>
    </ClCompile>
    <ClCompile Include="..\..\lux\wxgui\wxviewer.cpp">
      <Filter>Source Files\wxgui</Filter>
    </ClCompile>
    <ClCompile Include="..\..\lux\console\luxconsole.cpp">
      <Filter>Source Files\console</Filter>
    </ClCompile>
    <ClCompile Include="..\..\lux\server\renderserver.cpp">
      <Filter>Source Files\server</Filter>
    </ClCompile>
    <ClCompile Include="..\..\lux\renderers\samplerrenderer.cpp">
      <Filter>Source Files\renderers</Filter>
    </ClCompile>
  </ItemGroup>
  <ItemGroup>
    <ClInclude Include="Resources\resource.h">
      <Filter>Header Files</Filter>
    </ClInclude>
    <ClInclude Include="..\..\lux\textures\uvmask.h">
      <Filter>Header Files\textures</Filter>
    </ClInclude>
    <ClInclude Include="..\..\lux\core\renderer.h">
      <Filter>Header Files\core</Filter>
    </ClInclude>
    <ClInclude Include="..\..\lux\server\renderserver.h">
      <Filter>Header Files\server</Filter>
    </ClInclude>
    <ClInclude Include="..\..\lux\python\pydoc.h">
      <Filter>Header Files\python</Filter>
    </ClInclude>
    <ClInclude Include="..\..\lux\renderers\samplerrenderer.h">
      <Filter>Header Files\renderers</Filter>
    </ClInclude>
  </ItemGroup>
  <ItemGroup>
    <None Include="32bit-Debug.vsprops">
      <Filter>_BuildPropertySheets</Filter>
    </None>
    <None Include="32bit-Release.vsprops">
      <Filter>_BuildPropertySheets</Filter>
    </None>
    <None Include="64bit-Debug.vsprops">
      <Filter>_BuildPropertySheets</Filter>
    </None>
    <None Include="64bit-Release.vsprops">
      <Filter>_BuildPropertySheets</Filter>
    </None>
    <None Include="LuxConsoleApp.vsprops">
      <Filter>_BuildPropertySheets</Filter>
    </None>
    <None Include="LuxCoreProperties.vsprops">
      <Filter>_BuildPropertySheets</Filter>
    </None>
    <None Include="Python2.vsprops">
      <Filter>_BuildPropertySheets</Filter>
    </None>
    <None Include="Python3.vsprops">
      <Filter>_BuildPropertySheets</Filter>
    </None>
  </ItemGroup>
  <ItemGroup>
    <ResourceCompile Include="Resources\core.rc">
      <Filter>Resource Files</Filter>
    </ResourceCompile>
  </ItemGroup>
  <ItemGroup>
    <CustomBuildStep Include="..\..\lux\accelerators\bruteforce.h">
      <Filter>Header Files\accelerators</Filter>
    </CustomBuildStep>
    <CustomBuildStep Include="..\..\lux\accelerators\bvhaccel.h">
      <Filter>Header Files\accelerators</Filter>
    </CustomBuildStep>
    <CustomBuildStep Include="..\..\lux\accelerators\grid.h">
      <Filter>Header Files\accelerators</Filter>
    </CustomBuildStep>
    <CustomBuildStep Include="..\..\lux\accelerators\qbvhaccel.h">
      <Filter>Header Files\accelerators</Filter>
    </CustomBuildStep>
    <CustomBuildStep Include="..\..\lux\accelerators\tabreckdtreeaccel.h">
      <Filter>Header Files\accelerators</Filter>
    </CustomBuildStep>
    <CustomBuildStep Include="..\..\lux\accelerators\unsafekdtreeaccel.h">
      <Filter>Header Files\accelerators</Filter>
    </CustomBuildStep>
    <CustomBuildStep Include="..\..\lux\cameras\environment.h">
      <Filter>Header Files\cameras</Filter>
    </CustomBuildStep>
    <CustomBuildStep Include="..\..\lux\cameras\orthographic.h">
      <Filter>Header Files\cameras</Filter>
    </CustomBuildStep>
    <CustomBuildStep Include="..\..\lux\cameras\perspective.h">
      <Filter>Header Files\cameras</Filter>
    </CustomBuildStep>
    <CustomBuildStep Include="..\..\lux\cameras\realistic.h">
      <Filter>Header Files\cameras</Filter>
    </CustomBuildStep>
    <CustomBuildStep Include="..\..\lux\film\fleximage.h">
      <Filter>Header Files\film</Filter>
    </CustomBuildStep>
    <CustomBuildStep Include="..\..\lux\filters\box.h">
      <Filter>Header Files\filters</Filter>
    </CustomBuildStep>
    <CustomBuildStep Include="..\..\lux\filters\gaussian.h">
      <Filter>Header Files\filters</Filter>
    </CustomBuildStep>
    <CustomBuildStep Include="..\..\lux\filters\mitchell.h">
      <Filter>Header Files\filters</Filter>
    </CustomBuildStep>
    <CustomBuildStep Include="..\..\lux\filters\sinc.h">
      <Filter>Header Files\filters</Filter>
    </CustomBuildStep>
    <CustomBuildStep Include="..\..\lux\filters\triangle.h">
      <Filter>Header Files\filters</Filter>
    </CustomBuildStep>
    <CustomBuildStep Include="..\..\lux\integrators\bidirectional.h">
      <Filter>Header Files\integrators</Filter>
    </CustomBuildStep>
    <CustomBuildStep Include="..\..\lux\integrators\directlighting.h">
      <Filter>Header Files\integrators</Filter>
    </CustomBuildStep>
    <CustomBuildStep Include="..\..\lux\integrators\distributedpath.h">
      <Filter>Header Files\integrators</Filter>
    </CustomBuildStep>
    <CustomBuildStep Include="..\..\lux\integrators\emission.h">
      <Filter>Header Files\integrators</Filter>
    </CustomBuildStep>
    <CustomBuildStep Include="..\..\lux\integrators\exphotonmap.h">
      <Filter>Header Files\integrators</Filter>
    </CustomBuildStep>
    <CustomBuildStep Include="..\..\lux\integrators\igi.h">
      <Filter>Header Files\integrators</Filter>
    </CustomBuildStep>
    <CustomBuildStep Include="..\..\lux\integrators\path.h">
      <Filter>Header Files\integrators</Filter>
    </CustomBuildStep>
    <CustomBuildStep Include="..\..\lux\integrators\single.h">
      <Filter>Header Files\integrators</Filter>
    </CustomBuildStep>
    <CustomBuildStep Include="..\..\lux\lights\distant.h">
      <Filter>Header Files\lights</Filter>
    </CustomBuildStep>
    <CustomBuildStep Include="..\..\lux\lights\infinite.h">
      <Filter>Header Files\lights</Filter>
    </CustomBuildStep>
    <CustomBuildStep Include="..\..\lux\lights\infinitesample.h">
      <Filter>Header Files\lights</Filter>
    </CustomBuildStep>
    <CustomBuildStep Include="..\..\lux\lights\pointlight.h">
      <Filter>Header Files\lights</Filter>
    </CustomBuildStep>
    <CustomBuildStep Include="..\..\lux\lights\projection.h">
      <Filter>Header Files\lights</Filter>
    </CustomBuildStep>
    <CustomBuildStep Include="..\..\lux\lights\sky.h">
      <Filter>Header Files\lights</Filter>
    </CustomBuildStep>
    <CustomBuildStep Include="..\..\lux\lights\spot.h">
      <Filter>Header Files\lights</Filter>
    </CustomBuildStep>
    <CustomBuildStep Include="..\..\lux\lights\sun.h">
      <Filter>Header Files\lights</Filter>
    </CustomBuildStep>
    <CustomBuildStep Include="..\..\lux\lights\data\lamp_spect.h">
      <Filter>Header Files\lights\data</Filter>
    </CustomBuildStep>
    <CustomBuildStep Include="..\..\lux\lights\data\skychroma_spect.h">
      <Filter>Header Files\lights\data</Filter>
    </CustomBuildStep>
    <CustomBuildStep Include="..\..\lux\lights\data\sun_spect.h">
      <Filter>Header Files\lights\data</Filter>
    </CustomBuildStep>
    <CustomBuildStep Include="..\..\lux\lights\sphericalfunction\photometricdata_ies.h">
      <Filter>Header Files\lights\sphericalfunction</Filter>
    </CustomBuildStep>
    <CustomBuildStep Include="..\..\lux\lights\sphericalfunction\sphericalfunction.h">
      <Filter>Header Files\lights\sphericalfunction</Filter>
    </CustomBuildStep>
    <CustomBuildStep Include="..\..\lux\lights\sphericalfunction\sphericalfunction_ies.h">
      <Filter>Header Files\lights\sphericalfunction</Filter>
    </CustomBuildStep>
    <CustomBuildStep Include="..\..\lux\materials\carpaint.h">
      <Filter>Header Files\materials</Filter>
    </CustomBuildStep>
    <CustomBuildStep Include="..\..\lux\materials\glass.h">
      <Filter>Header Files\materials</Filter>
    </CustomBuildStep>
    <CustomBuildStep Include="..\..\lux\materials\glass2.h">
      <Filter>Header Files\materials</Filter>
    </CustomBuildStep>
    <CustomBuildStep Include="..\..\lux\materials\glossy.h">
      <Filter>Header Files\materials</Filter>
    </CustomBuildStep>
    <CustomBuildStep Include="..\..\lux\materials\glossy2.h">
      <Filter>Header Files\materials</Filter>
    </CustomBuildStep>
    <CustomBuildStep Include="..\..\lux\materials\matte.h">
      <Filter>Header Files\materials</Filter>
    </CustomBuildStep>
    <CustomBuildStep Include="..\..\lux\materials\mattetranslucent.h">
      <Filter>Header Files\materials</Filter>
    </CustomBuildStep>
    <CustomBuildStep Include="..\..\lux\materials\metal.h">
      <Filter>Header Files\materials</Filter>
    </CustomBuildStep>
    <CustomBuildStep Include="..\..\lux\materials\mirror.h">
      <Filter>Header Files\materials</Filter>
    </CustomBuildStep>
    <CustomBuildStep Include="..\..\lux\materials\mixmaterial.h">
      <Filter>Header Files\materials</Filter>
    </CustomBuildStep>
    <CustomBuildStep Include="..\..\lux\materials\null.h">
      <Filter>Header Files\materials</Filter>
    </CustomBuildStep>
    <CustomBuildStep Include="..\..\lux\materials\roughglass.h">
      <Filter>Header Files\materials</Filter>
    </CustomBuildStep>
    <CustomBuildStep Include="..\..\lux\materials\shinymetal.h">
      <Filter>Header Files\materials</Filter>
    </CustomBuildStep>
    <CustomBuildStep Include="..\..\lux\samplers\erpt.h">
      <Filter>Header Files\samplers</Filter>
    </CustomBuildStep>
    <CustomBuildStep Include="..\..\lux\samplers\lowdiscrepancy.h">
      <Filter>Header Files\samplers</Filter>
    </CustomBuildStep>
    <CustomBuildStep Include="..\..\lux\samplers\metrosampler.h">
      <Filter>Header Files\samplers</Filter>
    </CustomBuildStep>
    <CustomBuildStep Include="..\..\lux\samplers\random.h">
      <Filter>Header Files\samplers</Filter>
    </CustomBuildStep>
    <CustomBuildStep Include="..\..\lux\shapes\cone.h">
      <Filter>Header Files\shapes</Filter>
    </CustomBuildStep>
    <CustomBuildStep Include="..\..\lux\shapes\cylinder.h">
      <Filter>Header Files\shapes</Filter>
    </CustomBuildStep>
    <CustomBuildStep Include="..\..\lux\shapes\disk.h">
      <Filter>Header Files\shapes</Filter>
    </CustomBuildStep>
    <CustomBuildStep Include="..\..\lux\shapes\heightfield.h">
      <Filter>Header Files\shapes</Filter>
    </CustomBuildStep>
    <CustomBuildStep Include="..\..\lux\shapes\hyperboloid.h">
      <Filter>Header Files\shapes</Filter>
    </CustomBuildStep>
    <CustomBuildStep Include="..\..\lux\shapes\lenscomponent.h">
      <Filter>Header Files\shapes</Filter>
    </CustomBuildStep>
    <CustomBuildStep Include="..\..\lux\shapes\loopsubdiv.h">
      <Filter>Header Files\shapes</Filter>
    </CustomBuildStep>
    <CustomBuildStep Include="..\..\lux\shapes\mesh.h">
      <Filter>Header Files\shapes</Filter>
    </CustomBuildStep>
    <CustomBuildStep Include="..\..\lux\shapes\nurbs.h">
      <Filter>Header Files\shapes</Filter>
    </CustomBuildStep>
    <CustomBuildStep Include="..\..\lux\shapes\paraboloid.h">
      <Filter>Header Files\shapes</Filter>
    </CustomBuildStep>
    <CustomBuildStep Include="..\..\lux\shapes\plymesh.h">
      <Filter>Header Files\shapes</Filter>
    </CustomBuildStep>
    <CustomBuildStep Include="..\..\lux\shapes\sphere.h">
      <Filter>Header Files\shapes</Filter>
    </CustomBuildStep>
    <CustomBuildStep Include="..\..\lux\shapes\torus.h">
      <Filter>Header Files\shapes</Filter>
    </CustomBuildStep>
    <CustomBuildStep Include="..\..\lux\shapes\plymesh\rply.h">
      <Filter>Header Files\shapes\plymesh</Filter>
    </CustomBuildStep>
    <CustomBuildStep Include="..\..\lux\textures\bilerp.h">
      <Filter>Header Files\textures</Filter>
    </CustomBuildStep>
    <CustomBuildStep Include="..\..\lux\textures\blackbody.h">
      <Filter>Header Files\textures</Filter>
    </CustomBuildStep>
    <CustomBuildStep Include="..\..\lux\textures\blender_base.h">
      <Filter>Header Files\textures</Filter>
    </CustomBuildStep>
    <CustomBuildStep Include="..\..\lux\textures\blender_blend.h">
      <Filter>Header Files\textures</Filter>
    </CustomBuildStep>
    <CustomBuildStep Include="..\..\lux\textures\blender_clouds.h">
      <Filter>Header Files\textures</Filter>
    </CustomBuildStep>
    <CustomBuildStep Include="..\..\lux\textures\blender_distortednoise.h">
      <Filter>Header Files\textures</Filter>
    </CustomBuildStep>
    <CustomBuildStep Include="..\..\lux\textures\blender_magic.h">
      <Filter>Header Files\textures</Filter>
    </CustomBuildStep>
    <CustomBuildStep Include="..\..\lux\textures\blender_marble.h">
      <Filter>Header Files\textures</Filter>
    </CustomBuildStep>
    <CustomBuildStep Include="..\..\lux\textures\blender_musgrave.h">
      <Filter>Header Files\textures</Filter>
    </CustomBuildStep>
    <CustomBuildStep Include="..\..\lux\textures\blender_noise.h">
      <Filter>Header Files\textures</Filter>
    </CustomBuildStep>
    <CustomBuildStep Include="..\..\lux\textures\blender_noiselib.h">
      <Filter>Header Files\textures</Filter>
    </CustomBuildStep>
    <CustomBuildStep Include="..\..\lux\textures\blender_stucci.h">
      <Filter>Header Files\textures</Filter>
    </CustomBuildStep>
    <CustomBuildStep Include="..\..\lux\textures\blender_texlib.h">
      <Filter>Header Files\textures</Filter>
    </CustomBuildStep>
    <CustomBuildStep Include="..\..\lux\textures\blender_voronoi.h">
      <Filter>Header Files\textures</Filter>
    </CustomBuildStep>
    <CustomBuildStep Include="..\..\lux\textures\blender_wood.h">
      <Filter>Header Files\textures</Filter>
    </CustomBuildStep>
    <CustomBuildStep Include="..\..\lux\textures\brick.h">
      <Filter>Header Files\textures</Filter>
    </CustomBuildStep>
    <CustomBuildStep Include="..\..\lux\textures\cauchytexture.h">
      <Filter>Header Files\textures</Filter>
    </CustomBuildStep>
    <CustomBuildStep Include="..\..\lux\textures\checkerboard.h">
      <Filter>Header Files\textures</Filter>
    </CustomBuildStep>
    <CustomBuildStep Include="..\..\lux\textures\constant.h">
      <Filter>Header Files\textures</Filter>
    </CustomBuildStep>
    <CustomBuildStep Include="..\..\lux\textures\dots.h">
      <Filter>Header Files\textures</Filter>
    </CustomBuildStep>
    <CustomBuildStep Include="..\..\lux\textures\equalenergy.h">
      <Filter>Header Files\textures</Filter>
    </CustomBuildStep>
    <CustomBuildStep Include="..\..\lux\textures\fbm.h">
      <Filter>Header Files\textures</Filter>
    </CustomBuildStep>
    <CustomBuildStep Include="..\..\lux\textures\frequencytexture.h">
      <Filter>Header Files\textures</Filter>
    </CustomBuildStep>
    <CustomBuildStep Include="..\..\lux\textures\gaussiantexture.h">
      <Filter>Header Files\textures</Filter>
    </CustomBuildStep>
    <CustomBuildStep Include="..\..\lux\textures\harlequin.h">
      <Filter>Header Files\textures</Filter>
    </CustomBuildStep>
    <CustomBuildStep Include="..\..\lux\textures\imagemap.h">
      <Filter>Header Files\textures</Filter>
    </CustomBuildStep>
    <CustomBuildStep Include="..\..\lux\textures\irregulardata.h">
      <Filter>Header Files\textures</Filter>
    </CustomBuildStep>
    <CustomBuildStep Include="..\..\lux\textures\lampspectrum.h">
      <Filter>Header Files\textures</Filter>
    </CustomBuildStep>
    <CustomBuildStep Include="..\..\lux\textures\marble.h">
      <Filter>Header Files\textures</Filter>
    </CustomBuildStep>
    <CustomBuildStep Include="..\..\lux\textures\mix.h">
      <Filter>Header Files\textures</Filter>
    </CustomBuildStep>
    <CustomBuildStep Include="..\..\lux\textures\regulardata.h">
      <Filter>Header Files\textures</Filter>
    </CustomBuildStep>
    <CustomBuildStep Include="..\..\lux\textures\scale.h">
      <Filter>Header Files\textures</Filter>
    </CustomBuildStep>
    <CustomBuildStep Include="..\..\lux\textures\sellmeiertexture.h">
      <Filter>Header Files\textures</Filter>
    </CustomBuildStep>
    <CustomBuildStep Include="..\..\lux\textures\tabulateddata.h">
      <Filter>Header Files\textures</Filter>
    </CustomBuildStep>
    <CustomBuildStep Include="..\..\lux\textures\tabulatedfresnel.h">
      <Filter>Header Files\textures</Filter>
    </CustomBuildStep>
    <CustomBuildStep Include="..\..\lux\textures\uv.h">
      <Filter>Header Files\textures</Filter>
    </CustomBuildStep>
    <CustomBuildStep Include="..\..\lux\textures\windy.h">
      <Filter>Header Files\textures</Filter>
    </CustomBuildStep>
    <CustomBuildStep Include="..\..\lux\textures\wrinkled.h">
      <Filter>Header Files\textures</Filter>
    </CustomBuildStep>
    <CustomBuildStep Include="..\..\lux\tonemaps\contrast.h">
      <Filter>Header Files\tonemaps</Filter>
    </CustomBuildStep>
    <CustomBuildStep Include="..\..\lux\tonemaps\highcontrast.h">
      <Filter>Header Files\tonemaps</Filter>
    </CustomBuildStep>
    <CustomBuildStep Include="..\..\lux\tonemaps\lineartonemap.h">
      <Filter>Header Files\tonemaps</Filter>
    </CustomBuildStep>
    <CustomBuildStep Include="..\..\lux\tonemaps\maxwhite.h">
      <Filter>Header Files\tonemaps</Filter>
    </CustomBuildStep>
    <CustomBuildStep Include="..\..\lux\tonemaps\nonlinear.h">
      <Filter>Header Files\tonemaps</Filter>
    </CustomBuildStep>
    <CustomBuildStep Include="..\..\lux\tonemaps\reinhard.h">
      <Filter>Header Files\tonemaps</Filter>
    </CustomBuildStep>
    <CustomBuildStep Include="..\..\lux\volumes\clearvolume.h">
      <Filter>Header Files\volumes</Filter>
    </CustomBuildStep>
    <CustomBuildStep Include="..\..\lux\volumes\cloud.h">
      <Filter>Header Files\volumes</Filter>
    </CustomBuildStep>
    <CustomBuildStep Include="..\..\lux\volumes\exponential.h">
      <Filter>Header Files\volumes</Filter>
    </CustomBuildStep>
    <CustomBuildStep Include="..\..\lux\volumes\homogeneous.h">
      <Filter>Header Files\volumes</Filter>
    </CustomBuildStep>
    <CustomBuildStep Include="..\..\lux\volumes\volumegrid.h">
      <Filter>Header Files\volumes</Filter>
    </CustomBuildStep>
    <CustomBuildStep Include="..\..\lux\core\api.h">
      <Filter>Header Files\core</Filter>
    </CustomBuildStep>
    <CustomBuildStep Include="..\..\lux\core\camera.h">
      <Filter>Header Files\core</Filter>
    </CustomBuildStep>
    <CustomBuildStep Include="..\..\lux\core\color.h">
      <Filter>Header Files\core</Filter>
    </CustomBuildStep>
    <CustomBuildStep Include="..\..\lux\core\context.h">
      <Filter>Header Files\core</Filter>
    </CustomBuildStep>
    <CustomBuildStep Include="..\..\lux\core\contribution.h">
      <Filter>Header Files\core</Filter>
    </CustomBuildStep>
    <CustomBuildStep Include="..\..\lux\core\dynload.h">
      <Filter>Header Files\core</Filter>
    </CustomBuildStep>
    <CustomBuildStep Include="..\..\lux\core\epsilon.h">
      <Filter>Header Files\core</Filter>
    </CustomBuildStep>
    <CustomBuildStep Include="..\..\lux\core\error.h">
      <Filter>Header Files\core</Filter>
    </CustomBuildStep>
    <CustomBuildStep Include="..\..\lux\core\exrio.h">
      <Filter>Header Files\core</Filter>
    </CustomBuildStep>
    <CustomBuildStep Include="..\..\lux\core\fastmutex.h">
      <Filter>Header Files\core</Filter>
    </CustomBuildStep>
    <CustomBuildStep Include="..\..\lux\core\film.h">
      <Filter>Header Files\core</Filter>
    </CustomBuildStep>
    <CustomBuildStep Include="..\..\lux\core\filter.h">
      <Filter>Header Files\core</Filter>
    </CustomBuildStep>
    <CustomBuildStep Include="..\..\lux\core\igiio.h">
      <Filter>Header Files\core</Filter>
    </CustomBuildStep>
    <CustomBuildStep Include="..\..\lux\core\imagereader.h">
      <Filter>Header Files\core</Filter>
    </CustomBuildStep>
    <CustomBuildStep Include="..\..\lux\core\kdtree.h">
      <Filter>Header Files\core</Filter>
    </CustomBuildStep>
    <CustomBuildStep Include="..\..\lux\core\light.h">
      <Filter>Header Files\core</Filter>
    </CustomBuildStep>
    <CustomBuildStep Include="..\..\lux\core\lux.h">
      <Filter>Header Files\core</Filter>
    </CustomBuildStep>
    <CustomBuildStep Include="..\..\lux\core\material.h">
      <Filter>Header Files\core</Filter>
    </CustomBuildStep>
    <CustomBuildStep Include="..\..\lux\core\mc.h">
      <Filter>Header Files\core</Filter>
    </CustomBuildStep>
    <CustomBuildStep Include="..\..\lux\core\mcdistribution.h">
      <Filter>Header Files\core</Filter>
    </CustomBuildStep>
    <CustomBuildStep Include="..\..\lux\core\memory.h">
      <Filter>Header Files\core</Filter>
    </CustomBuildStep>
    <CustomBuildStep Include="..\..\lux\core\mipmap.h">
      <Filter>Header Files\core</Filter>
    </CustomBuildStep>
    <CustomBuildStep Include="..\..\lux\core\motionsystem.h">
      <Filter>Header Files\core</Filter>
    </CustomBuildStep>
    <CustomBuildStep Include="..\..\lux\core\octree.h">
      <Filter>Header Files\core</Filter>
    </CustomBuildStep>
    <CustomBuildStep Include="..\..\lux\core\osfunc.h">
      <Filter>Header Files\core</Filter>
    </CustomBuildStep>
    <CustomBuildStep Include="..\..\lux\core\paramset.h">
      <Filter>Header Files\core</Filter>
    </CustomBuildStep>
    <CustomBuildStep Include="..\..\lux\core\photonmap.h">
      <Filter>Header Files\core</Filter>
    </CustomBuildStep>
    <CustomBuildStep Include="..\..\lux\core\pngio.h">
      <Filter>Header Files\core</Filter>
    </CustomBuildStep>
    <CustomBuildStep Include="..\..\lux\core\primitive.h">
      <Filter>Header Files\core</Filter>
    </CustomBuildStep>
    <CustomBuildStep Include="..\..\lux\core\randomgen.h">
      <Filter>Header Files\core</Filter>
    </CustomBuildStep>
    <CustomBuildStep Include="..\..\lux\core\renderfarm.h">
      <Filter>Header Files\core</Filter>
    </CustomBuildStep>
    <CustomBuildStep Include="..\..\lux\core\renderinghints.h">
      <Filter>Header Files\core</Filter>
    </CustomBuildStep>
    <CustomBuildStep Include="..\..\lux\core\sampling.h">
      <Filter>Header Files\core</Filter>
    </CustomBuildStep>
    <CustomBuildStep Include="..\..\lux\core\scene.h">
      <Filter>Header Files\core</Filter>
    </CustomBuildStep>
    <CustomBuildStep Include="..\..\lux\core\shape.h">
      <Filter>Header Files\core</Filter>
    </CustomBuildStep>
    <CustomBuildStep Include="..\..\lux\core\spd.h">
      <Filter>Header Files\core</Filter>
    </CustomBuildStep>
    <CustomBuildStep Include="..\..\lux\core\spectrum.h">
      <Filter>Header Files\core</Filter>
    </CustomBuildStep>
    <CustomBuildStep Include="..\..\lux\core\spectrumwavelengths.h">
      <Filter>Header Files\core</Filter>
    </CustomBuildStep>
    <CustomBuildStep Include="..\..\lux\core\stats.h">
      <Filter>Header Files\core</Filter>
    </CustomBuildStep>
    <CustomBuildStep Include="..\..\lux\core\texture.h">
      <Filter>Header Files\core</Filter>
    </CustomBuildStep>
    <CustomBuildStep Include="..\..\lux\core\texturecolor.h">
      <Filter>Header Files\core</Filter>
    </CustomBuildStep>
    <CustomBuildStep Include="..\..\lux\core\tgaio.h">
      <Filter>Header Files\core</Filter>
    </CustomBuildStep>
    <CustomBuildStep Include="..\..\lux\core\timer.h">
      <Filter>Header Files\core</Filter>
    </CustomBuildStep>
    <CustomBuildStep Include="..\..\lux\core\tonemap.h">
      <Filter>Header Files\core</Filter>
    </CustomBuildStep>
    <CustomBuildStep Include="..\..\lux\core\transport.h">
      <Filter>Header Files\core</Filter>
    </CustomBuildStep>
    <CustomBuildStep Include="..\..\lux\core\volume.h">
      <Filter>Header Files\core</Filter>
    </CustomBuildStep>
    <CustomBuildStep Include="..\..\lux\core\geometry\bbox.h">
      <Filter>Header Files\core\geometry</Filter>
    </CustomBuildStep>
    <CustomBuildStep Include="..\..\lux\core\geometry\matrix3x3.h">
      <Filter>Header Files\core\geometry</Filter>
    </CustomBuildStep>
    <CustomBuildStep Include="..\..\lux\core\geometry\matrix4x4-sse.h">
      <Filter>Header Files\core\geometry</Filter>
    </CustomBuildStep>
    <CustomBuildStep Include="..\..\lux\core\geometry\matrix4x4.h">
      <Filter>Header Files\core\geometry</Filter>
    </CustomBuildStep>
    <CustomBuildStep Include="..\..\lux\core\geometry\normal.h">
      <Filter>Header Files\core\geometry</Filter>
    </CustomBuildStep>
    <CustomBuildStep Include="..\..\lux\core\geometry\point.h">
      <Filter>Header Files\core\geometry</Filter>
    </CustomBuildStep>
    <CustomBuildStep Include="..\..\lux\core\geometry\quaternion.h">
      <Filter>Header Files\core\geometry</Filter>
    </CustomBuildStep>
    <CustomBuildStep Include="..\..\lux\core\geometry\ray.h">
      <Filter>Header Files\core\geometry</Filter>
    </CustomBuildStep>
    <CustomBuildStep Include="..\..\lux\core\geometry\raydifferential.h">
      <Filter>Header Files\core\geometry</Filter>
    </CustomBuildStep>
    <CustomBuildStep Include="..\..\lux\core\geometry\transform-sse.inl">
      <Filter>Header Files\core\geometry</Filter>
    </CustomBuildStep>
    <CustomBuildStep Include="..\..\lux\core\geometry\transform.h">
      <Filter>Header Files\core\geometry</Filter>
    </CustomBuildStep>
    <CustomBuildStep Include="..\..\lux\core\geometry\transform.inl">
      <Filter>Header Files\core\geometry</Filter>
    </CustomBuildStep>
    <CustomBuildStep Include="..\..\lux\core\geometry\vector.h">
      <Filter>Header Files\core\geometry</Filter>
    </CustomBuildStep>
    <CustomBuildStep Include="..\..\lux\core\geometry\vector_normal.h">
      <Filter>Header Files\core\geometry</Filter>
    </CustomBuildStep>
    <CustomBuildStep Include="..\..\lux\core\reflection\bxdf.h">
      <Filter>Header Files\core\reflection</Filter>
    </CustomBuildStep>
    <CustomBuildStep Include="..\..\lux\core\reflection\fresnel.h">
      <Filter>Header Files\core\reflection</Filter>
    </CustomBuildStep>
    <CustomBuildStep Include="..\..\lux\core\reflection\microfacetdistribution.h">
      <Filter>Header Files\core\reflection</Filter>
    </CustomBuildStep>
    <CustomBuildStep Include="..\..\lux\core\reflection\bxdf\brdftobtdf.h">
      <Filter>Header Files\core\reflection\bxdf</Filter>
    </CustomBuildStep>
    <CustomBuildStep Include="..\..\lux\core\reflection\bxdf\cooktorrance.h">
      <Filter>Header Files\core\reflection\bxdf</Filter>
    </CustomBuildStep>
    <CustomBuildStep Include="..\..\lux\core\reflection\bxdf\fresnelblend.h">
      <Filter>Header Files\core\reflection\bxdf</Filter>
    </CustomBuildStep>
    <CustomBuildStep Include="..\..\lux\core\reflection\bxdf\lafortune.h">
      <Filter>Header Files\core\reflection\bxdf</Filter>
    </CustomBuildStep>
    <CustomBuildStep Include="..\..\lux\core\reflection\bxdf\lambertian.h">
      <Filter>Header Files\core\reflection\bxdf</Filter>
    </CustomBuildStep>
    <CustomBuildStep Include="..\..\lux\core\reflection\bxdf\microfacet.h">
      <Filter>Header Files\core\reflection\bxdf</Filter>
    </CustomBuildStep>
    <CustomBuildStep Include="..\..\lux\core\reflection\bxdf\nulltransmission.h">
      <Filter>Header Files\core\reflection\bxdf</Filter>
    </CustomBuildStep>
    <CustomBuildStep Include="..\..\lux\core\reflection\bxdf\orennayar.h">
      <Filter>Header Files\core\reflection\bxdf</Filter>
    </CustomBuildStep>
    <CustomBuildStep Include="..\..\lux\core\reflection\bxdf\schlickbrdf.h">
      <Filter>Header Files\core\reflection\bxdf</Filter>
    </CustomBuildStep>
    <CustomBuildStep Include="..\..\lux\core\reflection\bxdf\specularreflection.h">
      <Filter>Header Files\core\reflection\bxdf</Filter>
    </CustomBuildStep>
    <CustomBuildStep Include="..\..\lux\core\reflection\bxdf\speculartransmission.h">
      <Filter>Header Files\core\reflection\bxdf</Filter>
    </CustomBuildStep>
    <CustomBuildStep Include="..\..\lux\core\reflection\fresnel\fresnelcauchy.h">
      <Filter>Header Files\core\reflection\fresnel</Filter>
    </CustomBuildStep>
    <CustomBuildStep Include="..\..\lux\core\reflection\fresnel\fresnelconductor.h">
      <Filter>Header Files\core\reflection\fresnel</Filter>
    </CustomBuildStep>
    <CustomBuildStep Include="..\..\lux\core\reflection\fresnel\fresneldielectric.h">
      <Filter>Header Files\core\reflection\fresnel</Filter>
    </CustomBuildStep>
    <CustomBuildStep Include="..\..\lux\core\reflection\fresnel\fresnelgeneral.h">
      <Filter>Header Files\core\reflection\fresnel</Filter>
    </CustomBuildStep>
    <CustomBuildStep Include="..\..\lux\core\reflection\fresnel\fresnelnoop.h">
      <Filter>Header Files\core\reflection\fresnel</Filter>
    </CustomBuildStep>
    <CustomBuildStep Include="..\..\lux\core\reflection\fresnel\fresnelslick.h">
      <Filter>Header Files\core\reflection\fresnel</Filter>
    </CustomBuildStep>
    <CustomBuildStep Include="..\..\lux\core\reflection\microfacetdistribution\anisotropic.h">
      <Filter>Header Files\core\reflection\microfacetdistribution</Filter>
    </CustomBuildStep>
    <CustomBuildStep Include="..\..\lux\core\reflection\microfacetdistribution\beckmann.h">
      <Filter>Header Files\core\reflection\microfacetdistribution</Filter>
    </CustomBuildStep>
    <CustomBuildStep Include="..\..\lux\core\reflection\microfacetdistribution\blinn.h">
      <Filter>Header Files\core\reflection\microfacetdistribution</Filter>
    </CustomBuildStep>
    <CustomBuildStep Include="..\..\lux\core\reflection\microfacetdistribution\schlickdistribution.h">
      <Filter>Header Files\core\reflection\microfacetdistribution</Filter>
    </CustomBuildStep>
    <CustomBuildStep Include="..\..\lux\core\reflection\microfacetdistribution\wardisotropic.h">
      <Filter>Header Files\core\reflection\microfacetdistribution</Filter>
    </CustomBuildStep>
    <CustomBuildStep Include="..\..\lux\core\external\cimg.h">
      <Filter>Header Files\core\external</Filter>
    </CustomBuildStep>
    <CustomBuildStep Include="..\..\lux\core\external\greycstoration.h">
      <Filter>Header Files\core\external</Filter>
    </CustomBuildStep>
    <CustomBuildStep Include="..\..\lux\core\queryable\queryable.h">
      <Filter>Header Files\core\queryable</Filter>
    </CustomBuildStep>
    <CustomBuildStep Include="..\..\lux\core\queryable\queryableattribute.h">
      <Filter>Header Files\core\queryable</Filter>
    </CustomBuildStep>
    <CustomBuildStep Include="..\..\lux\core\queryable\queryableregistry.h">
      <Filter>Header Files\core\queryable</Filter>
    </CustomBuildStep>
    <CustomBuildStep Include="..\..\lux\pixelsamplers\hilbertpx.h">
      <Filter>Header Files\pixelsamplers</Filter>
    </CustomBuildStep>
    <CustomBuildStep Include="..\..\lux\pixelsamplers\linear.h">
      <Filter>Header Files\pixelsamplers</Filter>
    </CustomBuildStep>
    <CustomBuildStep Include="..\..\lux\pixelsamplers\lowdiscrepancypx.h">
      <Filter>Header Files\pixelsamplers</Filter>
    </CustomBuildStep>
    <CustomBuildStep Include="..\..\lux\pixelsamplers\tilepx.h">
      <Filter>Header Files\pixelsamplers</Filter>
    </CustomBuildStep>
    <CustomBuildStep Include="..\..\lux\pixelsamplers\vegas.h">
      <Filter>Header Files\pixelsamplers</Filter>
    </CustomBuildStep>
    <CustomBuildStep Include="..\..\lux\spds\blackbodyspd.h">
      <Filter>Header Files\spds</Filter>
    </CustomBuildStep>
    <CustomBuildStep Include="..\..\lux\spds\equalspd.h">
      <Filter>Header Files\spds</Filter>
    </CustomBuildStep>
    <CustomBuildStep Include="..\..\lux\spds\frequencyspd.h">
      <Filter>Header Files\spds</Filter>
    </CustomBuildStep>
    <CustomBuildStep Include="..\..\lux\spds\gaussianspd.h">
      <Filter>Header Files\spds</Filter>
    </CustomBuildStep>
    <CustomBuildStep Include="..\..\lux\spds\irregular.h">
      <Filter>Header Files\spds</Filter>
    </CustomBuildStep>
    <CustomBuildStep Include="..\..\lux\spds\regular.h">
      <Filter>Header Files\spds</Filter>
    </CustomBuildStep>
    <CustomBuildStep Include="..\..\lux\spds\rgbillum.h">
      <Filter>Header Files\spds</Filter>
    </CustomBuildStep>
    <CustomBuildStep Include="..\..\lux\spds\rgbrefl.h">
      <Filter>Header Files\spds</Filter>
    </CustomBuildStep>
    <CustomBuildStep Include="..\..\lux\spds\data\rgbD65_32.h">
      <Filter>Header Files\spds\data</Filter>
    </CustomBuildStep>
    <CustomBuildStep Include="..\..\lux\spds\data\rgbE_32.h">
      <Filter>Header Files\spds\data</Filter>
    </CustomBuildStep>
    <CustomBuildStep Include="..\..\lux\spds\data\xyzbasis.h">
      <Filter>Header Files\spds\data</Filter>
    </CustomBuildStep>
    <CustomBuildStep Include="..\..\lux\qtgui\ui_aboutdialog.h">
      <Filter>Header Files\qtgui</Filter>
    </CustomBuildStep>
    <CustomBuildStep Include="..\..\lux\qtgui\ui_colorspace.h">
      <Filter>Header Files\qtgui</Filter>
    </CustomBuildStep>
    <CustomBuildStep Include="..\..\lux\qtgui\ui_gamma.h">
      <Filter>Header Files\qtgui</Filter>
    </CustomBuildStep>
    <CustomBuildStep Include="..\..\lux\qtgui\ui_histogram.h">
      <Filter>Header Files\qtgui</Filter>
    </CustomBuildStep>
    <CustomBuildStep Include="..\..\lux\qtgui\ui_lenseffects.h">
      <Filter>Header Files\qtgui</Filter>
    </CustomBuildStep>
    <CustomBuildStep Include="..\..\lux\qtgui\ui_lightgroup.h">
      <Filter>Header Files\qtgui</Filter>
    </CustomBuildStep>
    <CustomBuildStep Include="..\..\lux\qtgui\ui_luxrender.h">
      <Filter>Header Files\qtgui</Filter>
    </CustomBuildStep>
    <CustomBuildStep Include="..\..\lux\qtgui\ui_noisereduction.h">
      <Filter>Header Files\qtgui</Filter>
    </CustomBuildStep>
    <CustomBuildStep Include="..\..\lux\qtgui\ui_pane.h">
      <Filter>Header Files\qtgui</Filter>
    </CustomBuildStep>
    <CustomBuildStep Include="..\..\lux\qtgui\ui_tonemap.h">
      <Filter>Header Files\qtgui</Filter>
    </CustomBuildStep>
    <CustomBuildStep Include="..\..\lux\wxgui\wxglviewer.h">
      <Filter>Header Files\wxgui</Filter>
    </CustomBuildStep>
    <CustomBuildStep Include="..\..\lux\wxgui\wximages.h">
      <Filter>Header Files\wxgui</Filter>
    </CustomBuildStep>
    <CustomBuildStep Include="..\..\lux\wxgui\wxluxapp.h">
      <Filter>Header Files\wxgui</Filter>
    </CustomBuildStep>
    <CustomBuildStep Include="..\..\lux\wxgui\wxluxframe.h">
      <Filter>Header Files\wxgui</Filter>
    </CustomBuildStep>
    <CustomBuildStep Include="..\..\lux\wxgui\wxluxgui.h">
      <Filter>Header Files\wxgui</Filter>
    </CustomBuildStep>
    <CustomBuildStep Include="..\..\lux\wxgui\wxviewer.h">
      <Filter>Header Files\wxgui</Filter>
    </CustomBuildStep>
    <CustomBuildStep Include="Resources\lux.ico">
      <Filter>Resource Files</Filter>
    </CustomBuildStep>
  </ItemGroup>
  <ItemGroup>
    <CustomBuild Include="..\..\lux\qtgui\aboutdialog.hxx">
      <Filter>Header Files\qtgui</Filter>
    </CustomBuild>
    <CustomBuild Include="..\..\lux\qtgui\colorspacewidget.hxx">
      <Filter>Header Files\qtgui</Filter>
    </CustomBuild>
    <CustomBuild Include="..\..\lux\qtgui\gammawidget.hxx">
      <Filter>Header Files\qtgui</Filter>
    </CustomBuild>
    <CustomBuild Include="..\..\lux\qtgui\histogramview.hxx">
      <Filter>Header Files\qtgui</Filter>
    </CustomBuild>
    <CustomBuild Include="..\..\lux\qtgui\histogramwidget.hxx">
      <Filter>Header Files\qtgui</Filter>
    </CustomBuild>
    <CustomBuild Include="..\..\lux\qtgui\lenseffectswidget.hxx">
      <Filter>Header Files\qtgui</Filter>
    </CustomBuild>
    <CustomBuild Include="..\..\lux\qtgui\lightgroupwidget.hxx">
      <Filter>Header Files\qtgui</Filter>
    </CustomBuild>
    <CustomBuild Include="..\..\lux\qtgui\luxapp.hxx">
      <Filter>Header Files\qtgui</Filter>
    </CustomBuild>
    <CustomBuild Include="..\..\lux\qtgui\mainwindow.hxx">
      <Filter>Header Files\qtgui</Filter>
    </CustomBuild>
    <CustomBuild Include="..\..\lux\qtgui\noisereductionwidget.hxx">
      <Filter>Header Files\qtgui</Filter>
    </CustomBuild>
    <CustomBuild Include="..\..\lux\qtgui\panewidget.hxx">
      <Filter>Header Files\qtgui</Filter>
    </CustomBuild>
    <CustomBuild Include="..\..\lux\qtgui\renderview.hxx">
      <Filter>Header Files\qtgui</Filter>
    </CustomBuild>
    <CustomBuild Include="..\..\lux\qtgui\tonemapwidget.hxx">
      <Filter>Header Files\qtgui</Filter>
    </CustomBuild>
    <CustomBuild Include="..\..\lux\core\luxlex.l">
      <Filter>Parser Files</Filter>
    </CustomBuild>
    <CustomBuild Include="..\..\lux\core\luxparse.y">
      <Filter>Parser Files</Filter>
    </CustomBuild>
    <CustomBuild Include="..\..\lux\qtgui\aboutdialog.ui">
      <Filter>QT\UI Files</Filter>
    </CustomBuild>
    <CustomBuild Include="..\..\lux\qtgui\colorspace.ui">
      <Filter>QT\UI Files</Filter>
    </CustomBuild>
    <CustomBuild Include="..\..\lux\qtgui\gamma.ui">
      <Filter>QT\UI Files</Filter>
    </CustomBuild>
    <CustomBuild Include="..\..\lux\qtgui\histogram.ui">
      <Filter>QT\UI Files</Filter>
    </CustomBuild>
    <CustomBuild Include="..\..\lux\qtgui\lenseffects.ui">
      <Filter>QT\UI Files</Filter>
    </CustomBuild>
    <CustomBuild Include="..\..\lux\qtgui\lightgroup.ui">
      <Filter>QT\UI Files</Filter>
    </CustomBuild>
    <CustomBuild Include="..\..\lux\qtgui\luxrender.ui">
      <Filter>QT\UI Files</Filter>
    </CustomBuild>
    <CustomBuild Include="..\..\lux\qtgui\noisereduction.ui">
      <Filter>QT\UI Files</Filter>
    </CustomBuild>
    <CustomBuild Include="..\..\lux\qtgui\pane.ui">
      <Filter>QT\UI Files</Filter>
    </CustomBuild>
    <CustomBuild Include="..\..\lux\qtgui\tonemap.ui">
      <Filter>QT\UI Files</Filter>
    </CustomBuild>
    <CustomBuild Include="..\..\lux\qtgui\icons.qrc">
      <Filter>QT\ResourceFiles</Filter>
    </CustomBuild>
    <CustomBuild Include="..\..\lux\qtgui\images.qrc">
      <Filter>QT\ResourceFiles</Filter>
    </CustomBuild>
    <CustomBuild Include="..\..\lux\qtgui\splash.qrc">
      <Filter>QT\ResourceFiles</Filter>
    </CustomBuild>
  </ItemGroup>
</Project>