
Microsoft Visual Studio Solution File, Format Version 10.00
# Visual Studio 2008
Project("{8BC9CEB8-8B4A-11D0-8D11-00A0C91BC942}") = "glew_static", "glew_static.vcproj", "{2E229251-3063-4B11-9DF9-E65994C5AC53}"
EndProject
Global
	GlobalSection(SolutionConfigurationPlatforms) = preSolution
		Debug MX|Win32 = Debug MX|Win32
		Debug MX|x64 = Debug MX|x64
		Debug|Win32 = Debug|Win32
		Debug|x64 = Debug|x64
		Release MX|Win32 = Release MX|Win32
		Release MX|x64 = Release MX|x64
		Release|Win32 = Release|Win32
		Release|x64 = Release|x64
	EndGlobalSection
	GlobalSection(ProjectConfigurationPlatforms) = postSolution
		{2E229251-3063-4B11-9DF9-E65994C5AC53}.Debug MX|Win32.ActiveCfg = Debug MX|Win32
		{2E229251-3063-4B11-9DF9-E65994C5AC53}.Debug MX|Win32.Build.0 = Debug MX|Win32
		{2E229251-3063-4B11-9DF9-E65994C5AC53}.Debug MX|x64.ActiveCfg = Debug MX|x64
		{2E229251-3063-4B11-9DF9-E65994C5AC53}.Debug MX|x64.Build.0 = Debug MX|x64
		{2E229251-3063-4B11-9DF9-E65994C5AC53}.Debug|Win32.ActiveCfg = Debug|Win32
		{2E229251-3063-4B11-9DF9-E65994C5AC53}.Debug|Win32.Build.0 = Debug|Win32
		{2E229251-3063-4B11-9DF9-E65994C5AC53}.Debug|x64.ActiveCfg = Debug|x64
		{2E229251-3063-4B11-9DF9-E65994C5AC53}.Debug|x64.Build.0 = Debug|x64
		{2E229251-3063-4B11-9DF9-E65994C5AC53}.Release MX|Win32.ActiveCfg = Release MX|Win32
		{2E229251-3063-4B11-9DF9-E65994C5AC53}.Release MX|Win32.Build.0 = Release MX|Win32
		{2E229251-3063-4B11-9DF9-E65994C5AC53}.Release MX|x64.ActiveCfg = Release MX|x64
		{2E229251-3063-4B11-9DF9-E65994C5AC53}.Release MX|x64.Build.0 = Release MX|x64
		{2E229251-3063-4B11-9DF9-E65994C5AC53}.Release|Win32.ActiveCfg = Release|Win32
		{2E229251-3063-4B11-9DF9-E65994C5AC53}.Release|Win32.Build.0 = Release|Win32
		{2E229251-3063-4B11-9DF9-E65994C5AC53}.Release|x64.ActiveCfg = Release|x64
		{2E229251-3063-4B11-9DF9-E65994C5AC53}.Release|x64.Build.0 = Release|x64
	EndGlobalSection
	GlobalSection(SolutionProperties) = preSolution
		HideSolutionNode = FALSE
	EndGlobalSection
EndGlobal
