
Microsoft Visual Studio Solution File, Format Version 12.00
# Visual Studio 2013
VisualStudioVersion = 12.0.30110.0
MinimumVisualStudioVersion = 10.0.40219.1
Project("{2150E333-8FDC-42A3-9474-1A3956D46DE8}") = "Libraries", "Libraries", "{95DD0A65-5566-4601-BC83-362C8415C6C3}"
EndProject
Project("{8BC9CEB8-8B4A-11D0-8D11-00A0C91BC942}") = "LibLux", "Projects\Libraries\LibLux\LibLux.vcxproj", "{E943C01B-E88B-4AA3-ADE8-D3FDE89A1393}"
EndProject
Project("{8BC9CEB8-8B4A-11D0-8D11-00A0C91BC942}") = "LibLuxCore", "Projects\Libraries\LibLuxCore\LibLuxCore.vcxproj", "{4DD92E4E-AF4F-4861-9F7D-22C6AF78F914}"
EndProject
Project("{8BC9CEB8-8B4A-11D0-8D11-00A0C91BC942}") = "LibLuxRays", "Projects\Libraries\LibLuxRays\LibLuxRays.vcxproj", "{C51A362C-FECC-4889-99E2-E2E5E2A40CE9}"
EndProject
Project("{8BC9CEB8-8B4A-11D0-8D11-00A0C91BC942}") = "LibPyLux", "Projects\Libraries\LibPyLux\LibPyLux.vcxproj", "{B02CEB49-D188-4493-B208-2258A8C93D6B}"
EndProject
Project("{8BC9CEB8-8B4A-11D0-8D11-00A0C91BC942}") = "LibSLG", "Projects\Libraries\LibSLG\LibSLG.vcxproj", "{65F29865-CB96-4539-B047-498ACEC6BC4A}"
EndProject
Project("{2150E333-8FDC-42A3-9474-1A3956D46DE8}") = "Samples", "Samples", "{B7811FBD-359C-48EE-9976-58E232040615}"
EndProject
Project("{8BC9CEB8-8B4A-11D0-8D11-00A0C91BC942}") = "BenchSimple", "Projects\Samples\BenchSimple\BenchSimple.vcxproj", "{A17FE773-8235-4722-83C5-D1CB53061A65}"
EndProject
Project("{8BC9CEB8-8B4A-11D0-8D11-00A0C91BC942}") = "LuxCoreDemo", "Projects\Samples\LuxCoreDemo\LuxCoreDemo.vcxproj", "{E8B92F22-C4FF-4589-855A-457EC3038F0D}"
EndProject
Project("{8BC9CEB8-8B4A-11D0-8D11-00A0C91BC942}") = "LuxCoreSceneDemo", "Projects\Samples\LuxCoreSceneDemo\LuxCoreSceneDemo.vcxproj", "{ECCCF3D4-9CDE-4A27-8BBC-63E4495C4F65}"
EndProject
Project("{8BC9CEB8-8B4A-11D0-8D11-00A0C91BC942}") = "SmallLuxGPU4", "Projects\Samples\SmallLuxGPU4\SmallLuxGPU4.vcxproj", "{50DA4800-480C-44C6-8DB2-C7C7781D9CDC}"
	ProjectSection(ProjectDependencies) = postProject
		{C51A362C-FECC-4889-99E2-E2E5E2A40CE9} = {C51A362C-FECC-4889-99E2-E2E5E2A40CE9}
		{4DD92E4E-AF4F-4861-9F7D-22C6AF78F914} = {4DD92E4E-AF4F-4861-9F7D-22C6AF78F914}
	EndProjectSection
EndProject
Project("{2150E333-8FDC-42A3-9474-1A3956D46DE8}") = "Tools", "Tools", "{2680AB7B-4427-4B20-9FB8-23032B4F6F60}"
EndProject
Project("{8BC9CEB8-8B4A-11D0-8D11-00A0C91BC942}") = "LuxComp", "Projects\Tools\LuxComp\LuxComp.vcxproj", "{297011AD-0CEF-46EB-8189-1466A70D46DD}"
EndProject
Project("{8BC9CEB8-8B4A-11D0-8D11-00A0C91BC942}") = "LuxMerger", "Projects\Tools\LuxMerger\LuxMerger.vcxproj", "{24C9193E-C613-4A1C-B774-E22F76A648B9}"
EndProject
Project("{8BC9CEB8-8B4A-11D0-8D11-00A0C91BC942}") = "LuxVR", "Projects\Tools\LuxVR\LuxVR.vcxproj", "{4865A3D7-F847-4817-9034-7D780D7CD719}"
EndProject
Project("{2150E333-8FDC-42A3-9474-1A3956D46DE8}") = "UIs", "UIs", "{9CDD5803-8966-4DA2-AD1A-91B323538A74}"
EndProject
Project("{8BC9CEB8-8B4A-11D0-8D11-00A0C91BC942}") = "LuxConsole", "Projects\UIs\LuxConsole\LuxConsole.vcxproj", "{162F7D5D-0D84-4F9E-A638-B871C804A5B8}"
EndProject
Project("{8BC9CEB8-8B4A-11D0-8D11-00A0C91BC942}") = "LuxRender", "Projects\UIs\LuxRender\LuxRender.vcxproj", "{7639E1EE-B211-4CC6-9CFD-6D8D1BC109A8}"
EndProject
Project("{8BC9CEB8-8B4A-11D0-8D11-00A0C91BC942}") = "cpp_api", "Projects\Libraries\cpp_api\cpp_api.vcxproj", "{63604820-771E-4D1F-BC32-062C796FAF77}"
EndProject
Project("{8BC9CEB8-8B4A-11D0-8D11-00A0C91BC942}") = "cpp_api_test", "Projects\Samples\cpp_api_test\cpp_api_test.vcxproj", "{59DDDEFB-CF5E-443D-B2D5-8EDE8503F782}"
EndProject
Project("{8BC9CEB8-8B4A-11D0-8D11-00A0C91BC942}") = "LuxMark", "Projects\Tools\LuxMark\LuxMark.vcxproj", "{7879E3C8-F5A5-49CE-8223-B20D16D57582}"
EndProject
Global
	GlobalSection(SolutionConfigurationPlatforms) = preSolution
		Debug|Mixed Platforms = Debug|Mixed Platforms
		Debug|Win32 = Debug|Win32
		Debug|x64 = Debug|x64
		Release NoOpenCL|Mixed Platforms = Release NoOpenCL|Mixed Platforms
		Release NoOpenCL|Win32 = Release NoOpenCL|Win32
		Release NoOpenCL|x64 = Release NoOpenCL|x64
		Release|Mixed Platforms = Release|Mixed Platforms
		Release|Win32 = Release|Win32
		Release|x64 = Release|x64
	EndGlobalSection
	GlobalSection(ProjectConfigurationPlatforms) = postSolution
		{E943C01B-E88B-4AA3-ADE8-D3FDE89A1393}.Debug|Mixed Platforms.ActiveCfg = Debug|x64
		{E943C01B-E88B-4AA3-ADE8-D3FDE89A1393}.Debug|Mixed Platforms.Build.0 = Debug|x64
		{E943C01B-E88B-4AA3-ADE8-D3FDE89A1393}.Debug|Win32.ActiveCfg = Debug|Win32
		{E943C01B-E88B-4AA3-ADE8-D3FDE89A1393}.Debug|Win32.Build.0 = Debug|Win32
		{E943C01B-E88B-4AA3-ADE8-D3FDE89A1393}.Debug|x64.ActiveCfg = Debug|x64
		{E943C01B-E88B-4AA3-ADE8-D3FDE89A1393}.Debug|x64.Build.0 = Debug|x64
		{E943C01B-E88B-4AA3-ADE8-D3FDE89A1393}.Release NoOpenCL|Mixed Platforms.ActiveCfg = Release NoOpenCL|x64
		{E943C01B-E88B-4AA3-ADE8-D3FDE89A1393}.Release NoOpenCL|Mixed Platforms.Build.0 = Release NoOpenCL|x64
		{E943C01B-E88B-4AA3-ADE8-D3FDE89A1393}.Release NoOpenCL|Win32.ActiveCfg = Release NoOpenCL|Win32
		{E943C01B-E88B-4AA3-ADE8-D3FDE89A1393}.Release NoOpenCL|Win32.Build.0 = Release NoOpenCL|Win32
		{E943C01B-E88B-4AA3-ADE8-D3FDE89A1393}.Release NoOpenCL|x64.ActiveCfg = Release NoOpenCL|x64
		{E943C01B-E88B-4AA3-ADE8-D3FDE89A1393}.Release NoOpenCL|x64.Build.0 = Release NoOpenCL|x64
		{E943C01B-E88B-4AA3-ADE8-D3FDE89A1393}.Release|Mixed Platforms.ActiveCfg = Release|x64
		{E943C01B-E88B-4AA3-ADE8-D3FDE89A1393}.Release|Mixed Platforms.Build.0 = Release|x64
		{E943C01B-E88B-4AA3-ADE8-D3FDE89A1393}.Release|Win32.ActiveCfg = Release|Win32
		{E943C01B-E88B-4AA3-ADE8-D3FDE89A1393}.Release|Win32.Build.0 = Release|Win32
		{E943C01B-E88B-4AA3-ADE8-D3FDE89A1393}.Release|x64.ActiveCfg = Release|x64
		{E943C01B-E88B-4AA3-ADE8-D3FDE89A1393}.Release|x64.Build.0 = Release|x64
		{4DD92E4E-AF4F-4861-9F7D-22C6AF78F914}.Debug|Mixed Platforms.ActiveCfg = Debug|x64
		{4DD92E4E-AF4F-4861-9F7D-22C6AF78F914}.Debug|Mixed Platforms.Build.0 = Debug|x64
		{4DD92E4E-AF4F-4861-9F7D-22C6AF78F914}.Debug|Win32.ActiveCfg = Debug|Win32
		{4DD92E4E-AF4F-4861-9F7D-22C6AF78F914}.Debug|Win32.Build.0 = Debug|Win32
		{4DD92E4E-AF4F-4861-9F7D-22C6AF78F914}.Debug|x64.ActiveCfg = Debug|x64
		{4DD92E4E-AF4F-4861-9F7D-22C6AF78F914}.Debug|x64.Build.0 = Debug|x64
		{4DD92E4E-AF4F-4861-9F7D-22C6AF78F914}.Release NoOpenCL|Mixed Platforms.ActiveCfg = Release NoOpenCL|x64
		{4DD92E4E-AF4F-4861-9F7D-22C6AF78F914}.Release NoOpenCL|Mixed Platforms.Build.0 = Release NoOpenCL|x64
		{4DD92E4E-AF4F-4861-9F7D-22C6AF78F914}.Release NoOpenCL|Win32.ActiveCfg = Release NoOpenCL|Win32
		{4DD92E4E-AF4F-4861-9F7D-22C6AF78F914}.Release NoOpenCL|Win32.Build.0 = Release NoOpenCL|Win32
		{4DD92E4E-AF4F-4861-9F7D-22C6AF78F914}.Release NoOpenCL|x64.ActiveCfg = Release NoOpenCL|x64
		{4DD92E4E-AF4F-4861-9F7D-22C6AF78F914}.Release NoOpenCL|x64.Build.0 = Release NoOpenCL|x64
		{4DD92E4E-AF4F-4861-9F7D-22C6AF78F914}.Release|Mixed Platforms.ActiveCfg = Release|x64
		{4DD92E4E-AF4F-4861-9F7D-22C6AF78F914}.Release|Mixed Platforms.Build.0 = Release|x64
		{4DD92E4E-AF4F-4861-9F7D-22C6AF78F914}.Release|Win32.ActiveCfg = Release|Win32
		{4DD92E4E-AF4F-4861-9F7D-22C6AF78F914}.Release|Win32.Build.0 = Release|Win32
		{4DD92E4E-AF4F-4861-9F7D-22C6AF78F914}.Release|x64.ActiveCfg = Release|x64
		{4DD92E4E-AF4F-4861-9F7D-22C6AF78F914}.Release|x64.Build.0 = Release|x64
		{C51A362C-FECC-4889-99E2-E2E5E2A40CE9}.Debug|Mixed Platforms.ActiveCfg = Debug|x64
		{C51A362C-FECC-4889-99E2-E2E5E2A40CE9}.Debug|Mixed Platforms.Build.0 = Debug|x64
		{C51A362C-FECC-4889-99E2-E2E5E2A40CE9}.Debug|Win32.ActiveCfg = Debug|Win32
		{C51A362C-FECC-4889-99E2-E2E5E2A40CE9}.Debug|Win32.Build.0 = Debug|Win32
		{C51A362C-FECC-4889-99E2-E2E5E2A40CE9}.Debug|x64.ActiveCfg = Debug|x64
		{C51A362C-FECC-4889-99E2-E2E5E2A40CE9}.Debug|x64.Build.0 = Debug|x64
		{C51A362C-FECC-4889-99E2-E2E5E2A40CE9}.Release NoOpenCL|Mixed Platforms.ActiveCfg = Release NoOpenCL|x64
		{C51A362C-FECC-4889-99E2-E2E5E2A40CE9}.Release NoOpenCL|Mixed Platforms.Build.0 = Release NoOpenCL|x64
		{C51A362C-FECC-4889-99E2-E2E5E2A40CE9}.Release NoOpenCL|Win32.ActiveCfg = Release NoOpenCL|Win32
		{C51A362C-FECC-4889-99E2-E2E5E2A40CE9}.Release NoOpenCL|Win32.Build.0 = Release NoOpenCL|Win32
		{C51A362C-FECC-4889-99E2-E2E5E2A40CE9}.Release NoOpenCL|x64.ActiveCfg = Release NoOpenCL|x64
		{C51A362C-FECC-4889-99E2-E2E5E2A40CE9}.Release NoOpenCL|x64.Build.0 = Release NoOpenCL|x64
		{C51A362C-FECC-4889-99E2-E2E5E2A40CE9}.Release|Mixed Platforms.ActiveCfg = Release|x64
		{C51A362C-FECC-4889-99E2-E2E5E2A40CE9}.Release|Mixed Platforms.Build.0 = Release|x64
		{C51A362C-FECC-4889-99E2-E2E5E2A40CE9}.Release|Win32.ActiveCfg = Release|Win32
		{C51A362C-FECC-4889-99E2-E2E5E2A40CE9}.Release|Win32.Build.0 = Release|Win32
		{C51A362C-FECC-4889-99E2-E2E5E2A40CE9}.Release|x64.ActiveCfg = Release|x64
		{C51A362C-FECC-4889-99E2-E2E5E2A40CE9}.Release|x64.Build.0 = Release|x64
		{B02CEB49-D188-4493-B208-2258A8C93D6B}.Debug|Mixed Platforms.ActiveCfg = Debug|x64
		{B02CEB49-D188-4493-B208-2258A8C93D6B}.Debug|Mixed Platforms.Build.0 = Debug|x64
		{B02CEB49-D188-4493-B208-2258A8C93D6B}.Debug|Win32.ActiveCfg = Debug|Win32
		{B02CEB49-D188-4493-B208-2258A8C93D6B}.Debug|Win32.Build.0 = Debug|Win32
		{B02CEB49-D188-4493-B208-2258A8C93D6B}.Debug|x64.ActiveCfg = Debug|x64
		{B02CEB49-D188-4493-B208-2258A8C93D6B}.Debug|x64.Build.0 = Debug|x64
		{B02CEB49-D188-4493-B208-2258A8C93D6B}.Release NoOpenCL|Mixed Platforms.ActiveCfg = Release NoOpenCL|x64
		{B02CEB49-D188-4493-B208-2258A8C93D6B}.Release NoOpenCL|Mixed Platforms.Build.0 = Release NoOpenCL|x64
		{B02CEB49-D188-4493-B208-2258A8C93D6B}.Release NoOpenCL|Win32.ActiveCfg = Release NoOpenCL|Win32
		{B02CEB49-D188-4493-B208-2258A8C93D6B}.Release NoOpenCL|Win32.Build.0 = Release NoOpenCL|Win32
		{B02CEB49-D188-4493-B208-2258A8C93D6B}.Release NoOpenCL|x64.ActiveCfg = Release NoOpenCL|x64
		{B02CEB49-D188-4493-B208-2258A8C93D6B}.Release NoOpenCL|x64.Build.0 = Release NoOpenCL|x64
		{B02CEB49-D188-4493-B208-2258A8C93D6B}.Release|Mixed Platforms.ActiveCfg = Release|x64
		{B02CEB49-D188-4493-B208-2258A8C93D6B}.Release|Mixed Platforms.Build.0 = Release|x64
		{B02CEB49-D188-4493-B208-2258A8C93D6B}.Release|Win32.ActiveCfg = Release|Win32
		{B02CEB49-D188-4493-B208-2258A8C93D6B}.Release|Win32.Build.0 = Release|Win32
		{B02CEB49-D188-4493-B208-2258A8C93D6B}.Release|x64.ActiveCfg = Release|x64
		{B02CEB49-D188-4493-B208-2258A8C93D6B}.Release|x64.Build.0 = Release|x64
		{65F29865-CB96-4539-B047-498ACEC6BC4A}.Debug|Mixed Platforms.ActiveCfg = Debug|x64
		{65F29865-CB96-4539-B047-498ACEC6BC4A}.Debug|Mixed Platforms.Build.0 = Debug|x64
		{65F29865-CB96-4539-B047-498ACEC6BC4A}.Debug|Win32.ActiveCfg = Debug|Win32
		{65F29865-CB96-4539-B047-498ACEC6BC4A}.Debug|Win32.Build.0 = Debug|Win32
		{65F29865-CB96-4539-B047-498ACEC6BC4A}.Debug|x64.ActiveCfg = Debug|x64
		{65F29865-CB96-4539-B047-498ACEC6BC4A}.Debug|x64.Build.0 = Debug|x64
		{65F29865-CB96-4539-B047-498ACEC6BC4A}.Release NoOpenCL|Mixed Platforms.ActiveCfg = Release NoOpenCL|x64
		{65F29865-CB96-4539-B047-498ACEC6BC4A}.Release NoOpenCL|Mixed Platforms.Build.0 = Release NoOpenCL|x64
		{65F29865-CB96-4539-B047-498ACEC6BC4A}.Release NoOpenCL|Win32.ActiveCfg = Release NoOpenCL|Win32
		{65F29865-CB96-4539-B047-498ACEC6BC4A}.Release NoOpenCL|Win32.Build.0 = Release NoOpenCL|Win32
		{65F29865-CB96-4539-B047-498ACEC6BC4A}.Release NoOpenCL|x64.ActiveCfg = Release NoOpenCL|x64
		{65F29865-CB96-4539-B047-498ACEC6BC4A}.Release NoOpenCL|x64.Build.0 = Release NoOpenCL|x64
		{65F29865-CB96-4539-B047-498ACEC6BC4A}.Release|Mixed Platforms.ActiveCfg = Release|x64
		{65F29865-CB96-4539-B047-498ACEC6BC4A}.Release|Mixed Platforms.Build.0 = Release|x64
		{65F29865-CB96-4539-B047-498ACEC6BC4A}.Release|Win32.ActiveCfg = Release|Win32
		{65F29865-CB96-4539-B047-498ACEC6BC4A}.Release|Win32.Build.0 = Release|Win32
		{65F29865-CB96-4539-B047-498ACEC6BC4A}.Release|x64.ActiveCfg = Release|x64
		{65F29865-CB96-4539-B047-498ACEC6BC4A}.Release|x64.Build.0 = Release|x64
		{A17FE773-8235-4722-83C5-D1CB53061A65}.Debug|Mixed Platforms.ActiveCfg = Debug|x64
		{A17FE773-8235-4722-83C5-D1CB53061A65}.Debug|Mixed Platforms.Build.0 = Debug|x64
		{A17FE773-8235-4722-83C5-D1CB53061A65}.Debug|Win32.ActiveCfg = Debug|Win32
		{A17FE773-8235-4722-83C5-D1CB53061A65}.Debug|Win32.Build.0 = Debug|Win32
		{A17FE773-8235-4722-83C5-D1CB53061A65}.Debug|x64.ActiveCfg = Debug|x64
		{A17FE773-8235-4722-83C5-D1CB53061A65}.Debug|x64.Build.0 = Debug|x64
		{A17FE773-8235-4722-83C5-D1CB53061A65}.Release NoOpenCL|Mixed Platforms.ActiveCfg = Release NoOpenCL|x64
		{A17FE773-8235-4722-83C5-D1CB53061A65}.Release NoOpenCL|Mixed Platforms.Build.0 = Release NoOpenCL|x64
		{A17FE773-8235-4722-83C5-D1CB53061A65}.Release NoOpenCL|Win32.ActiveCfg = Release NoOpenCL|Win32
		{A17FE773-8235-4722-83C5-D1CB53061A65}.Release NoOpenCL|Win32.Build.0 = Release NoOpenCL|Win32
		{A17FE773-8235-4722-83C5-D1CB53061A65}.Release NoOpenCL|x64.ActiveCfg = Release NoOpenCL|x64
		{A17FE773-8235-4722-83C5-D1CB53061A65}.Release NoOpenCL|x64.Build.0 = Release NoOpenCL|x64
		{A17FE773-8235-4722-83C5-D1CB53061A65}.Release|Mixed Platforms.ActiveCfg = Release|x64
		{A17FE773-8235-4722-83C5-D1CB53061A65}.Release|Mixed Platforms.Build.0 = Release|x64
		{A17FE773-8235-4722-83C5-D1CB53061A65}.Release|Win32.ActiveCfg = Release|Win32
		{A17FE773-8235-4722-83C5-D1CB53061A65}.Release|Win32.Build.0 = Release|Win32
		{A17FE773-8235-4722-83C5-D1CB53061A65}.Release|x64.ActiveCfg = Release|x64
		{A17FE773-8235-4722-83C5-D1CB53061A65}.Release|x64.Build.0 = Release|x64
		{E8B92F22-C4FF-4589-855A-457EC3038F0D}.Debug|Mixed Platforms.ActiveCfg = Debug|x64
		{E8B92F22-C4FF-4589-855A-457EC3038F0D}.Debug|Mixed Platforms.Build.0 = Debug|x64
		{E8B92F22-C4FF-4589-855A-457EC3038F0D}.Debug|Win32.ActiveCfg = Debug|Win32
		{E8B92F22-C4FF-4589-855A-457EC3038F0D}.Debug|Win32.Build.0 = Debug|Win32
		{E8B92F22-C4FF-4589-855A-457EC3038F0D}.Debug|x64.ActiveCfg = Debug|x64
		{E8B92F22-C4FF-4589-855A-457EC3038F0D}.Debug|x64.Build.0 = Debug|x64
		{E8B92F22-C4FF-4589-855A-457EC3038F0D}.Release NoOpenCL|Mixed Platforms.ActiveCfg = Release NoOpenCL|x64
		{E8B92F22-C4FF-4589-855A-457EC3038F0D}.Release NoOpenCL|Mixed Platforms.Build.0 = Release NoOpenCL|x64
		{E8B92F22-C4FF-4589-855A-457EC3038F0D}.Release NoOpenCL|Win32.ActiveCfg = Release NoOpenCL|Win32
		{E8B92F22-C4FF-4589-855A-457EC3038F0D}.Release NoOpenCL|Win32.Build.0 = Release NoOpenCL|Win32
		{E8B92F22-C4FF-4589-855A-457EC3038F0D}.Release NoOpenCL|x64.ActiveCfg = Release NoOpenCL|x64
		{E8B92F22-C4FF-4589-855A-457EC3038F0D}.Release NoOpenCL|x64.Build.0 = Release NoOpenCL|x64
		{E8B92F22-C4FF-4589-855A-457EC3038F0D}.Release|Mixed Platforms.ActiveCfg = Release|x64
		{E8B92F22-C4FF-4589-855A-457EC3038F0D}.Release|Mixed Platforms.Build.0 = Release|x64
		{E8B92F22-C4FF-4589-855A-457EC3038F0D}.Release|Win32.ActiveCfg = Release|Win32
		{E8B92F22-C4FF-4589-855A-457EC3038F0D}.Release|Win32.Build.0 = Release|Win32
		{E8B92F22-C4FF-4589-855A-457EC3038F0D}.Release|x64.ActiveCfg = Release|x64
		{E8B92F22-C4FF-4589-855A-457EC3038F0D}.Release|x64.Build.0 = Release|x64
		{ECCCF3D4-9CDE-4A27-8BBC-63E4495C4F65}.Debug|Mixed Platforms.ActiveCfg = Debug|x64
		{ECCCF3D4-9CDE-4A27-8BBC-63E4495C4F65}.Debug|Mixed Platforms.Build.0 = Debug|x64
		{ECCCF3D4-9CDE-4A27-8BBC-63E4495C4F65}.Debug|Win32.ActiveCfg = Debug|Win32
		{ECCCF3D4-9CDE-4A27-8BBC-63E4495C4F65}.Debug|Win32.Build.0 = Debug|Win32
		{ECCCF3D4-9CDE-4A27-8BBC-63E4495C4F65}.Debug|x64.ActiveCfg = Debug|x64
		{ECCCF3D4-9CDE-4A27-8BBC-63E4495C4F65}.Debug|x64.Build.0 = Debug|x64
		{ECCCF3D4-9CDE-4A27-8BBC-63E4495C4F65}.Release NoOpenCL|Mixed Platforms.ActiveCfg = Release NoOpenCL|x64
		{ECCCF3D4-9CDE-4A27-8BBC-63E4495C4F65}.Release NoOpenCL|Mixed Platforms.Build.0 = Release NoOpenCL|x64
		{ECCCF3D4-9CDE-4A27-8BBC-63E4495C4F65}.Release NoOpenCL|Win32.ActiveCfg = Release NoOpenCL|Win32
		{ECCCF3D4-9CDE-4A27-8BBC-63E4495C4F65}.Release NoOpenCL|Win32.Build.0 = Release NoOpenCL|Win32
		{ECCCF3D4-9CDE-4A27-8BBC-63E4495C4F65}.Release NoOpenCL|x64.ActiveCfg = Release NoOpenCL|x64
		{ECCCF3D4-9CDE-4A27-8BBC-63E4495C4F65}.Release NoOpenCL|x64.Build.0 = Release NoOpenCL|x64
		{ECCCF3D4-9CDE-4A27-8BBC-63E4495C4F65}.Release|Mixed Platforms.ActiveCfg = Release|x64
		{ECCCF3D4-9CDE-4A27-8BBC-63E4495C4F65}.Release|Mixed Platforms.Build.0 = Release|x64
		{ECCCF3D4-9CDE-4A27-8BBC-63E4495C4F65}.Release|Win32.ActiveCfg = Release|Win32
		{ECCCF3D4-9CDE-4A27-8BBC-63E4495C4F65}.Release|Win32.Build.0 = Release|Win32
		{ECCCF3D4-9CDE-4A27-8BBC-63E4495C4F65}.Release|x64.ActiveCfg = Release|x64
		{ECCCF3D4-9CDE-4A27-8BBC-63E4495C4F65}.Release|x64.Build.0 = Release|x64
		{50DA4800-480C-44C6-8DB2-C7C7781D9CDC}.Debug|Mixed Platforms.ActiveCfg = Debug|x64
		{50DA4800-480C-44C6-8DB2-C7C7781D9CDC}.Debug|Mixed Platforms.Build.0 = Debug|x64
		{50DA4800-480C-44C6-8DB2-C7C7781D9CDC}.Debug|Win32.ActiveCfg = Debug|Win32
		{50DA4800-480C-44C6-8DB2-C7C7781D9CDC}.Debug|Win32.Build.0 = Debug|Win32
		{50DA4800-480C-44C6-8DB2-C7C7781D9CDC}.Debug|x64.ActiveCfg = Debug|x64
		{50DA4800-480C-44C6-8DB2-C7C7781D9CDC}.Debug|x64.Build.0 = Debug|x64
		{50DA4800-480C-44C6-8DB2-C7C7781D9CDC}.Release NoOpenCL|Mixed Platforms.ActiveCfg = Release NoOpenCL|x64
		{50DA4800-480C-44C6-8DB2-C7C7781D9CDC}.Release NoOpenCL|Mixed Platforms.Build.0 = Release NoOpenCL|x64
		{50DA4800-480C-44C6-8DB2-C7C7781D9CDC}.Release NoOpenCL|Win32.ActiveCfg = Release NoOpenCL|Win32
		{50DA4800-480C-44C6-8DB2-C7C7781D9CDC}.Release NoOpenCL|Win32.Build.0 = Release NoOpenCL|Win32
		{50DA4800-480C-44C6-8DB2-C7C7781D9CDC}.Release NoOpenCL|x64.ActiveCfg = Release NoOpenCL|x64
		{50DA4800-480C-44C6-8DB2-C7C7781D9CDC}.Release NoOpenCL|x64.Build.0 = Release NoOpenCL|x64
		{50DA4800-480C-44C6-8DB2-C7C7781D9CDC}.Release|Mixed Platforms.ActiveCfg = Release|x64
		{50DA4800-480C-44C6-8DB2-C7C7781D9CDC}.Release|Mixed Platforms.Build.0 = Release|x64
		{50DA4800-480C-44C6-8DB2-C7C7781D9CDC}.Release|Win32.ActiveCfg = Release|Win32
		{50DA4800-480C-44C6-8DB2-C7C7781D9CDC}.Release|Win32.Build.0 = Release|Win32
		{50DA4800-480C-44C6-8DB2-C7C7781D9CDC}.Release|x64.ActiveCfg = Release|x64
		{50DA4800-480C-44C6-8DB2-C7C7781D9CDC}.Release|x64.Build.0 = Release|x64
		{297011AD-0CEF-46EB-8189-1466A70D46DD}.Debug|Mixed Platforms.ActiveCfg = Debug|x64
		{297011AD-0CEF-46EB-8189-1466A70D46DD}.Debug|Mixed Platforms.Build.0 = Debug|x64
		{297011AD-0CEF-46EB-8189-1466A70D46DD}.Debug|Win32.ActiveCfg = Debug|Win32
		{297011AD-0CEF-46EB-8189-1466A70D46DD}.Debug|Win32.Build.0 = Debug|Win32
		{297011AD-0CEF-46EB-8189-1466A70D46DD}.Debug|x64.ActiveCfg = Debug|x64
		{297011AD-0CEF-46EB-8189-1466A70D46DD}.Debug|x64.Build.0 = Debug|x64
		{297011AD-0CEF-46EB-8189-1466A70D46DD}.Release NoOpenCL|Mixed Platforms.ActiveCfg = Release NoOpenCL|x64
		{297011AD-0CEF-46EB-8189-1466A70D46DD}.Release NoOpenCL|Mixed Platforms.Build.0 = Release NoOpenCL|x64
		{297011AD-0CEF-46EB-8189-1466A70D46DD}.Release NoOpenCL|Win32.ActiveCfg = Release NoOpenCL|Win32
		{297011AD-0CEF-46EB-8189-1466A70D46DD}.Release NoOpenCL|Win32.Build.0 = Release NoOpenCL|Win32
		{297011AD-0CEF-46EB-8189-1466A70D46DD}.Release NoOpenCL|x64.ActiveCfg = Release NoOpenCL|x64
		{297011AD-0CEF-46EB-8189-1466A70D46DD}.Release NoOpenCL|x64.Build.0 = Release NoOpenCL|x64
		{297011AD-0CEF-46EB-8189-1466A70D46DD}.Release|Mixed Platforms.ActiveCfg = Release|x64
		{297011AD-0CEF-46EB-8189-1466A70D46DD}.Release|Mixed Platforms.Build.0 = Release|x64
		{297011AD-0CEF-46EB-8189-1466A70D46DD}.Release|Win32.ActiveCfg = Release|Win32
		{297011AD-0CEF-46EB-8189-1466A70D46DD}.Release|Win32.Build.0 = Release|Win32
		{297011AD-0CEF-46EB-8189-1466A70D46DD}.Release|x64.ActiveCfg = Release|x64
		{297011AD-0CEF-46EB-8189-1466A70D46DD}.Release|x64.Build.0 = Release|x64
		{24C9193E-C613-4A1C-B774-E22F76A648B9}.Debug|Mixed Platforms.ActiveCfg = Debug|x64
		{24C9193E-C613-4A1C-B774-E22F76A648B9}.Debug|Mixed Platforms.Build.0 = Debug|x64
		{24C9193E-C613-4A1C-B774-E22F76A648B9}.Debug|Win32.ActiveCfg = Debug|Win32
		{24C9193E-C613-4A1C-B774-E22F76A648B9}.Debug|Win32.Build.0 = Debug|Win32
		{24C9193E-C613-4A1C-B774-E22F76A648B9}.Debug|x64.ActiveCfg = Debug|x64
		{24C9193E-C613-4A1C-B774-E22F76A648B9}.Debug|x64.Build.0 = Debug|x64
		{24C9193E-C613-4A1C-B774-E22F76A648B9}.Release NoOpenCL|Mixed Platforms.ActiveCfg = Release NoOpenCL|x64
		{24C9193E-C613-4A1C-B774-E22F76A648B9}.Release NoOpenCL|Mixed Platforms.Build.0 = Release NoOpenCL|x64
		{24C9193E-C613-4A1C-B774-E22F76A648B9}.Release NoOpenCL|Win32.ActiveCfg = Release NoOpenCL|Win32
		{24C9193E-C613-4A1C-B774-E22F76A648B9}.Release NoOpenCL|Win32.Build.0 = Release NoOpenCL|Win32
		{24C9193E-C613-4A1C-B774-E22F76A648B9}.Release NoOpenCL|x64.ActiveCfg = Release NoOpenCL|x64
		{24C9193E-C613-4A1C-B774-E22F76A648B9}.Release NoOpenCL|x64.Build.0 = Release NoOpenCL|x64
		{24C9193E-C613-4A1C-B774-E22F76A648B9}.Release|Mixed Platforms.ActiveCfg = Release|x64
		{24C9193E-C613-4A1C-B774-E22F76A648B9}.Release|Mixed Platforms.Build.0 = Release|x64
		{24C9193E-C613-4A1C-B774-E22F76A648B9}.Release|Win32.ActiveCfg = Release|Win32
		{24C9193E-C613-4A1C-B774-E22F76A648B9}.Release|Win32.Build.0 = Release|Win32
		{24C9193E-C613-4A1C-B774-E22F76A648B9}.Release|x64.ActiveCfg = Release|x64
		{24C9193E-C613-4A1C-B774-E22F76A648B9}.Release|x64.Build.0 = Release|x64
		{4865A3D7-F847-4817-9034-7D780D7CD719}.Debug|Mixed Platforms.ActiveCfg = Debug|x64
		{4865A3D7-F847-4817-9034-7D780D7CD719}.Debug|Mixed Platforms.Build.0 = Debug|x64
		{4865A3D7-F847-4817-9034-7D780D7CD719}.Debug|Win32.ActiveCfg = Debug|Win32
		{4865A3D7-F847-4817-9034-7D780D7CD719}.Debug|Win32.Build.0 = Debug|Win32
		{4865A3D7-F847-4817-9034-7D780D7CD719}.Debug|x64.ActiveCfg = Debug|x64
		{4865A3D7-F847-4817-9034-7D780D7CD719}.Debug|x64.Build.0 = Debug|x64
		{4865A3D7-F847-4817-9034-7D780D7CD719}.Release NoOpenCL|Mixed Platforms.ActiveCfg = Release NoOpenCL|x64
		{4865A3D7-F847-4817-9034-7D780D7CD719}.Release NoOpenCL|Mixed Platforms.Build.0 = Release NoOpenCL|x64
		{4865A3D7-F847-4817-9034-7D780D7CD719}.Release NoOpenCL|Win32.ActiveCfg = Release NoOpenCL|Win32
		{4865A3D7-F847-4817-9034-7D780D7CD719}.Release NoOpenCL|Win32.Build.0 = Release NoOpenCL|Win32
		{4865A3D7-F847-4817-9034-7D780D7CD719}.Release NoOpenCL|x64.ActiveCfg = Release NoOpenCL|x64
		{4865A3D7-F847-4817-9034-7D780D7CD719}.Release NoOpenCL|x64.Build.0 = Release NoOpenCL|x64
		{4865A3D7-F847-4817-9034-7D780D7CD719}.Release|Mixed Platforms.ActiveCfg = Release|x64
		{4865A3D7-F847-4817-9034-7D780D7CD719}.Release|Mixed Platforms.Build.0 = Release|x64
		{4865A3D7-F847-4817-9034-7D780D7CD719}.Release|Win32.ActiveCfg = Release|Win32
		{4865A3D7-F847-4817-9034-7D780D7CD719}.Release|Win32.Build.0 = Release|Win32
		{4865A3D7-F847-4817-9034-7D780D7CD719}.Release|x64.ActiveCfg = Release|x64
		{4865A3D7-F847-4817-9034-7D780D7CD719}.Release|x64.Build.0 = Release|x64
		{162F7D5D-0D84-4F9E-A638-B871C804A5B8}.Debug|Mixed Platforms.ActiveCfg = Debug|x64
		{162F7D5D-0D84-4F9E-A638-B871C804A5B8}.Debug|Mixed Platforms.Build.0 = Debug|x64
		{162F7D5D-0D84-4F9E-A638-B871C804A5B8}.Debug|Win32.ActiveCfg = Debug|Win32
		{162F7D5D-0D84-4F9E-A638-B871C804A5B8}.Debug|Win32.Build.0 = Debug|Win32
		{162F7D5D-0D84-4F9E-A638-B871C804A5B8}.Debug|x64.ActiveCfg = Debug|x64
		{162F7D5D-0D84-4F9E-A638-B871C804A5B8}.Debug|x64.Build.0 = Debug|x64
		{162F7D5D-0D84-4F9E-A638-B871C804A5B8}.Release NoOpenCL|Mixed Platforms.ActiveCfg = Release NoOpenCL|x64
		{162F7D5D-0D84-4F9E-A638-B871C804A5B8}.Release NoOpenCL|Mixed Platforms.Build.0 = Release NoOpenCL|x64
		{162F7D5D-0D84-4F9E-A638-B871C804A5B8}.Release NoOpenCL|Win32.ActiveCfg = Release NoOpenCL|Win32
		{162F7D5D-0D84-4F9E-A638-B871C804A5B8}.Release NoOpenCL|Win32.Build.0 = Release NoOpenCL|Win32
		{162F7D5D-0D84-4F9E-A638-B871C804A5B8}.Release NoOpenCL|x64.ActiveCfg = Release NoOpenCL|x64
		{162F7D5D-0D84-4F9E-A638-B871C804A5B8}.Release NoOpenCL|x64.Build.0 = Release NoOpenCL|x64
		{162F7D5D-0D84-4F9E-A638-B871C804A5B8}.Release|Mixed Platforms.ActiveCfg = Release|x64
		{162F7D5D-0D84-4F9E-A638-B871C804A5B8}.Release|Mixed Platforms.Build.0 = Release|x64
		{162F7D5D-0D84-4F9E-A638-B871C804A5B8}.Release|Win32.ActiveCfg = Release|Win32
		{162F7D5D-0D84-4F9E-A638-B871C804A5B8}.Release|Win32.Build.0 = Release|Win32
		{162F7D5D-0D84-4F9E-A638-B871C804A5B8}.Release|x64.ActiveCfg = Release|x64
		{162F7D5D-0D84-4F9E-A638-B871C804A5B8}.Release|x64.Build.0 = Release|x64
		{7639E1EE-B211-4CC6-9CFD-6D8D1BC109A8}.Debug|Mixed Platforms.ActiveCfg = Debug|x64
		{7639E1EE-B211-4CC6-9CFD-6D8D1BC109A8}.Debug|Mixed Platforms.Build.0 = Debug|x64
		{7639E1EE-B211-4CC6-9CFD-6D8D1BC109A8}.Debug|Win32.ActiveCfg = Debug|Win32
		{7639E1EE-B211-4CC6-9CFD-6D8D1BC109A8}.Debug|Win32.Build.0 = Debug|Win32
		{7639E1EE-B211-4CC6-9CFD-6D8D1BC109A8}.Debug|x64.ActiveCfg = Debug|x64
		{7639E1EE-B211-4CC6-9CFD-6D8D1BC109A8}.Debug|x64.Build.0 = Debug|x64
		{7639E1EE-B211-4CC6-9CFD-6D8D1BC109A8}.Release NoOpenCL|Mixed Platforms.ActiveCfg = Release NoOpenCL|x64
		{7639E1EE-B211-4CC6-9CFD-6D8D1BC109A8}.Release NoOpenCL|Mixed Platforms.Build.0 = Release NoOpenCL|x64
		{7639E1EE-B211-4CC6-9CFD-6D8D1BC109A8}.Release NoOpenCL|Win32.ActiveCfg = Release NoOpenCL|Win32
		{7639E1EE-B211-4CC6-9CFD-6D8D1BC109A8}.Release NoOpenCL|Win32.Build.0 = Release NoOpenCL|Win32
		{7639E1EE-B211-4CC6-9CFD-6D8D1BC109A8}.Release NoOpenCL|x64.ActiveCfg = Release NoOpenCL|x64
		{7639E1EE-B211-4CC6-9CFD-6D8D1BC109A8}.Release NoOpenCL|x64.Build.0 = Release NoOpenCL|x64
		{7639E1EE-B211-4CC6-9CFD-6D8D1BC109A8}.Release|Mixed Platforms.ActiveCfg = Release|x64
		{7639E1EE-B211-4CC6-9CFD-6D8D1BC109A8}.Release|Mixed Platforms.Build.0 = Release|x64
		{7639E1EE-B211-4CC6-9CFD-6D8D1BC109A8}.Release|Win32.ActiveCfg = Release|Win32
		{7639E1EE-B211-4CC6-9CFD-6D8D1BC109A8}.Release|Win32.Build.0 = Release|Win32
		{7639E1EE-B211-4CC6-9CFD-6D8D1BC109A8}.Release|x64.ActiveCfg = Release|x64
		{7639E1EE-B211-4CC6-9CFD-6D8D1BC109A8}.Release|x64.Build.0 = Release|x64
		{63604820-771E-4D1F-BC32-062C796FAF77}.Debug|Mixed Platforms.ActiveCfg = Debug|x64
		{63604820-771E-4D1F-BC32-062C796FAF77}.Debug|Mixed Platforms.Build.0 = Debug|x64
		{63604820-771E-4D1F-BC32-062C796FAF77}.Debug|Win32.ActiveCfg = Debug|Win32
		{63604820-771E-4D1F-BC32-062C796FAF77}.Debug|Win32.Build.0 = Debug|Win32
		{63604820-771E-4D1F-BC32-062C796FAF77}.Debug|x64.ActiveCfg = Debug|x64
		{63604820-771E-4D1F-BC32-062C796FAF77}.Debug|x64.Build.0 = Debug|x64
		{63604820-771E-4D1F-BC32-062C796FAF77}.Release NoOpenCL|Mixed Platforms.ActiveCfg = Release NoOpenCL|x64
		{63604820-771E-4D1F-BC32-062C796FAF77}.Release NoOpenCL|Mixed Platforms.Build.0 = Release NoOpenCL|x64
		{63604820-771E-4D1F-BC32-062C796FAF77}.Release NoOpenCL|Win32.ActiveCfg = Release NoOpenCL|Win32
		{63604820-771E-4D1F-BC32-062C796FAF77}.Release NoOpenCL|Win32.Build.0 = Release NoOpenCL|Win32
		{63604820-771E-4D1F-BC32-062C796FAF77}.Release NoOpenCL|x64.ActiveCfg = Release NoOpenCL|x64
		{63604820-771E-4D1F-BC32-062C796FAF77}.Release NoOpenCL|x64.Build.0 = Release NoOpenCL|x64
		{63604820-771E-4D1F-BC32-062C796FAF77}.Release|Mixed Platforms.ActiveCfg = Release|x64
		{63604820-771E-4D1F-BC32-062C796FAF77}.Release|Mixed Platforms.Build.0 = Release|x64
		{63604820-771E-4D1F-BC32-062C796FAF77}.Release|Win32.ActiveCfg = Release|Win32
		{63604820-771E-4D1F-BC32-062C796FAF77}.Release|Win32.Build.0 = Release|Win32
		{63604820-771E-4D1F-BC32-062C796FAF77}.Release|x64.ActiveCfg = Release|x64
		{63604820-771E-4D1F-BC32-062C796FAF77}.Release|x64.Build.0 = Release|x64
		{59DDDEFB-CF5E-443D-B2D5-8EDE8503F782}.Debug|Mixed Platforms.ActiveCfg = Debug|x64
		{59DDDEFB-CF5E-443D-B2D5-8EDE8503F782}.Debug|Mixed Platforms.Build.0 = Debug|x64
		{59DDDEFB-CF5E-443D-B2D5-8EDE8503F782}.Debug|Win32.ActiveCfg = Debug|Win32
		{59DDDEFB-CF5E-443D-B2D5-8EDE8503F782}.Debug|Win32.Build.0 = Debug|Win32
		{59DDDEFB-CF5E-443D-B2D5-8EDE8503F782}.Debug|x64.ActiveCfg = Debug|x64
		{59DDDEFB-CF5E-443D-B2D5-8EDE8503F782}.Debug|x64.Build.0 = Debug|x64
		{59DDDEFB-CF5E-443D-B2D5-8EDE8503F782}.Release NoOpenCL|Mixed Platforms.ActiveCfg = Release NoOpenCL|x64
		{59DDDEFB-CF5E-443D-B2D5-8EDE8503F782}.Release NoOpenCL|Mixed Platforms.Build.0 = Release NoOpenCL|x64
		{59DDDEFB-CF5E-443D-B2D5-8EDE8503F782}.Release NoOpenCL|Win32.ActiveCfg = Release NoOpenCL|Win32
		{59DDDEFB-CF5E-443D-B2D5-8EDE8503F782}.Release NoOpenCL|Win32.Build.0 = Release NoOpenCL|Win32
		{59DDDEFB-CF5E-443D-B2D5-8EDE8503F782}.Release NoOpenCL|x64.ActiveCfg = Release NoOpenCL|x64
		{59DDDEFB-CF5E-443D-B2D5-8EDE8503F782}.Release NoOpenCL|x64.Build.0 = Release NoOpenCL|x64
		{59DDDEFB-CF5E-443D-B2D5-8EDE8503F782}.Release|Mixed Platforms.ActiveCfg = Release|x64
		{59DDDEFB-CF5E-443D-B2D5-8EDE8503F782}.Release|Mixed Platforms.Build.0 = Release|x64
		{59DDDEFB-CF5E-443D-B2D5-8EDE8503F782}.Release|Win32.ActiveCfg = Release|Win32
		{59DDDEFB-CF5E-443D-B2D5-8EDE8503F782}.Release|Win32.Build.0 = Release|Win32
		{59DDDEFB-CF5E-443D-B2D5-8EDE8503F782}.Release|x64.ActiveCfg = Release|x64
		{59DDDEFB-CF5E-443D-B2D5-8EDE8503F782}.Release|x64.Build.0 = Release|x64
		{7879E3C8-F5A5-49CE-8223-B20D16D57582}.Debug|Mixed Platforms.ActiveCfg = Debug|Win32
		{7879E3C8-F5A5-49CE-8223-B20D16D57582}.Debug|Mixed Platforms.Build.0 = Debug|Win32
		{7879E3C8-F5A5-49CE-8223-B20D16D57582}.Debug|Win32.ActiveCfg = Debug|Win32
		{7879E3C8-F5A5-49CE-8223-B20D16D57582}.Debug|Win32.Build.0 = Debug|Win32
		{7879E3C8-F5A5-49CE-8223-B20D16D57582}.Debug|x64.ActiveCfg = Debug|x64
		{7879E3C8-F5A5-49CE-8223-B20D16D57582}.Debug|x64.Build.0 = Debug|x64
		{7879E3C8-F5A5-49CE-8223-B20D16D57582}.Release NoOpenCL|Mixed Platforms.ActiveCfg = Release|Win32
		{7879E3C8-F5A5-49CE-8223-B20D16D57582}.Release NoOpenCL|Mixed Platforms.Build.0 = Release|Win32
		{7879E3C8-F5A5-49CE-8223-B20D16D57582}.Release NoOpenCL|Win32.ActiveCfg = Release|Win32
		{7879E3C8-F5A5-49CE-8223-B20D16D57582}.Release NoOpenCL|Win32.Build.0 = Release|Win32
		{7879E3C8-F5A5-49CE-8223-B20D16D57582}.Release NoOpenCL|x64.ActiveCfg = Release|x64
		{7879E3C8-F5A5-49CE-8223-B20D16D57582}.Release NoOpenCL|x64.Build.0 = Release|x64
		{7879E3C8-F5A5-49CE-8223-B20D16D57582}.Release|Mixed Platforms.ActiveCfg = Release|Win32
		{7879E3C8-F5A5-49CE-8223-B20D16D57582}.Release|Mixed Platforms.Build.0 = Release|Win32
		{7879E3C8-F5A5-49CE-8223-B20D16D57582}.Release|Win32.ActiveCfg = Release|Win32
		{7879E3C8-F5A5-49CE-8223-B20D16D57582}.Release|Win32.Build.0 = Release|Win32
		{7879E3C8-F5A5-49CE-8223-B20D16D57582}.Release|x64.ActiveCfg = Release|x64
		{7879E3C8-F5A5-49CE-8223-B20D16D57582}.Release|x64.Build.0 = Release|x64
	EndGlobalSection
	GlobalSection(SolutionProperties) = preSolution
		HideSolutionNode = FALSE
	EndGlobalSection
	GlobalSection(NestedProjects) = preSolution
		{E943C01B-E88B-4AA3-ADE8-D3FDE89A1393} = {95DD0A65-5566-4601-BC83-362C8415C6C3}
		{4DD92E4E-AF4F-4861-9F7D-22C6AF78F914} = {95DD0A65-5566-4601-BC83-362C8415C6C3}
		{C51A362C-FECC-4889-99E2-E2E5E2A40CE9} = {95DD0A65-5566-4601-BC83-362C8415C6C3}
		{B02CEB49-D188-4493-B208-2258A8C93D6B} = {95DD0A65-5566-4601-BC83-362C8415C6C3}
		{65F29865-CB96-4539-B047-498ACEC6BC4A} = {95DD0A65-5566-4601-BC83-362C8415C6C3}
		{63604820-771E-4D1F-BC32-062C796FAF77} = {95DD0A65-5566-4601-BC83-362C8415C6C3}
		{A17FE773-8235-4722-83C5-D1CB53061A65} = {B7811FBD-359C-48EE-9976-58E232040615}
		{E8B92F22-C4FF-4589-855A-457EC3038F0D} = {B7811FBD-359C-48EE-9976-58E232040615}
		{ECCCF3D4-9CDE-4A27-8BBC-63E4495C4F65} = {B7811FBD-359C-48EE-9976-58E232040615}
		{50DA4800-480C-44C6-8DB2-C7C7781D9CDC} = {B7811FBD-359C-48EE-9976-58E232040615}
		{59DDDEFB-CF5E-443D-B2D5-8EDE8503F782} = {B7811FBD-359C-48EE-9976-58E232040615}
		{297011AD-0CEF-46EB-8189-1466A70D46DD} = {2680AB7B-4427-4B20-9FB8-23032B4F6F60}
		{24C9193E-C613-4A1C-B774-E22F76A648B9} = {2680AB7B-4427-4B20-9FB8-23032B4F6F60}
		{4865A3D7-F847-4817-9034-7D780D7CD719} = {2680AB7B-4427-4B20-9FB8-23032B4F6F60}
		{7879E3C8-F5A5-49CE-8223-B20D16D57582} = {2680AB7B-4427-4B20-9FB8-23032B4F6F60}
		{162F7D5D-0D84-4F9E-A638-B871C804A5B8} = {9CDD5803-8966-4DA2-AD1A-91B323538A74}
		{7639E1EE-B211-4CC6-9CFD-6D8D1BC109A8} = {9CDD5803-8966-4DA2-AD1A-91B323538A74}
	EndGlobalSection
EndGlobal
