<?xml version="1.0" encoding="utf-8"?>
<Project ToolsVersion="4.0" xmlns="http://schemas.microsoft.com/developer/msbuild/2003">
  <ItemGroup>
    <Filter Include="Source Files">
      <UniqueIdentifier>{4FC737F1-C7A5-4376-A066-2A32D752A2FF}</UniqueIdentifier>
      <Extensions>cpp;c;cc;cxx;def;odl;idl;hpj;bat;asm;asmx</Extensions>
    </Filter>
    <Filter Include="Source Files\generated">
      <UniqueIdentifier>{2988e94e-ce5b-4497-83d9-5f79c2e53436}</UniqueIdentifier>
    </Filter>
    <Filter Include="Header Files">
      <UniqueIdentifier>{93995380-89BD-4b04-88EB-625FBE52EBFB}</UniqueIdentifier>
      <Extensions>h;hpp;hxx;hm;inl;inc;xsd</Extensions>
    </Filter>
    <Filter Include="Header Files\generated">
      <UniqueIdentifier>{430da642-b6fd-401d-ad5f-43771e70338a}</UniqueIdentifier>
    </Filter>
    <Filter Include="Resource Files">
      <UniqueIdentifier>{67DA6AB6-F800-4c08-8B7A-83BB121AAD01}</UniqueIdentifier>
      <Extensions>rc;ico;cur;bmp;dlg;rc2;rct;bin;rgs;gif;jpg;jpeg;jpe;resx;tiff;tif;png;wav</Extensions>
    </Filter>
    <Filter Include="Resource Files\WindowsResources">
      <UniqueIdentifier>{b3cf8533-c08e-433d-8237-90cfd80ca58b}</UniqueIdentifier>
    </Filter>
    <Filter Include="Resource Files\QT Resources">
      <UniqueIdentifier>{e4d9e183-e3a6-45ed-ac1d-cd76edccd4e3}</UniqueIdentifier>
    </Filter>
    <Filter Include="QT UI">
      <UniqueIdentifier>{ce08fc9a-823f-4a43-b16a-4acb0f7bb209}</UniqueIdentifier>
    </Filter>
    <Filter Include="Header Files\slg2">
      <UniqueIdentifier>{b011718c-ed61-465e-a499-ccc9393c3383}</UniqueIdentifier>
    </Filter>
    <Filter Include="Header Files\slg2\pathocl">
      <UniqueIdentifier>{cae77989-adb9-4fec-bad3-839a4149b4d0}</UniqueIdentifier>
    </Filter>
    <Filter Include="Header Files\slg2\pathocl\kernels">
      <UniqueIdentifier>{b340762a-c1cd-4324-a026-94c4d8e36566}</UniqueIdentifier>
    </Filter>
    <Filter Include="Source Files\slg2">
      <UniqueIdentifier>{e29549ee-776e-46da-862f-6b07ff9865fe}</UniqueIdentifier>
    </Filter>
    <Filter Include="Source Files\slg2\pathocl">
      <UniqueIdentifier>{7dafd3ad-e059-4b81-b86b-d204b7f7e46a}</UniqueIdentifier>
    </Filter>
    <Filter Include="Source Files\slg2\pathocl\kernels">
      <UniqueIdentifier>{1bd682a9-94d2-4e72-8fa5-0abdaf486276}</UniqueIdentifier>
    </Filter>
  </ItemGroup>
  <ItemGroup>
    <ClCompile Include="..\..\..\luxrays\samples\luxmark\slg2\renderconfig.cpp">
      <Filter>Source Files\slg2</Filter>
    </ClCompile>
    <ClCompile Include="..\..\..\luxrays\samples\luxmark\slg2\renderengine.cpp">
      <Filter>Source Files\slg2</Filter>
    </ClCompile>
    <ClCompile Include="..\..\..\luxrays\samples\luxmark\slg2\rendersession.cpp">
      <Filter>Source Files\slg2</Filter>
    </ClCompile>
    <ClCompile Include="..\..\..\luxrays\samples\luxmark\slg2\pathocl\compiledscene.cpp">
      <Filter>Source Files\slg2\pathocl</Filter>
    </ClCompile>
    <ClCompile Include="..\..\..\luxrays\samples\luxmark\slg2\pathocl\pathocl.cpp">
      <Filter>Source Files\slg2\pathocl</Filter>
    </ClCompile>
    <ClCompile Include="..\..\..\luxrays\samples\luxmark\slg2\pathocl\renderthread.cpp">
      <Filter>Source Files\slg2\pathocl</Filter>
    </ClCompile>
    <ClCompile Include="..\..\..\luxrays\samples\luxmark\slg2\pathocl\kernels\pathocl_kernel_core.cpp">
      <Filter>Source Files\slg2\pathocl\kernels</Filter>
    </ClCompile>
    <ClCompile Include="..\..\..\luxrays\samples\luxmark\slg2\pathocl\kernels\pathocl_kernel_datatypes.cpp">
      <Filter>Source Files\slg2\pathocl\kernels</Filter>
    </ClCompile>
    <ClCompile Include="..\..\..\luxrays\samples\luxmark\slg2\pathocl\kernels\pathocl_kernel_filters.cpp">
      <Filter>Source Files\slg2\pathocl\kernels</Filter>
    </ClCompile>
    <ClCompile Include="..\..\..\luxrays\samples\luxmark\slg2\pathocl\kernels\pathocl_kernel_samplers.cpp">
      <Filter>Source Files\slg2\pathocl\kernels</Filter>
    </ClCompile>
    <ClCompile Include="..\..\..\luxrays\samples\luxmark\slg2\pathocl\kernels\pathocl_kernel_scene.cpp">
      <Filter>Source Files\slg2\pathocl\kernels</Filter>
    </ClCompile>
    <ClCompile Include="..\..\..\luxrays\samples\luxmark\slg2\pathocl\kernels\pathocl_kernels.cpp">
      <Filter>Source Files\slg2\pathocl\kernels</Filter>
    </ClCompile>
    <ClCompile Include="..\..\..\luxrays\samples\luxmark\aboutdialog.cpp">
      <Filter>Source Files</Filter>
    </ClCompile>
    <ClCompile Include="..\..\..\luxrays\samples\luxmark\hardwaretree.cpp">
      <Filter>Source Files</Filter>
    </ClCompile>
    <ClCompile Include="..\..\..\luxrays\samples\luxmark\luxmarkapp.cpp">
      <Filter>Source Files</Filter>
    </ClCompile>
    <ClCompile Include="..\..\..\luxrays\samples\luxmark\main.cpp">
      <Filter>Source Files</Filter>
    </ClCompile>
    <ClCompile Include="..\..\..\luxrays\samples\luxmark\mainwindow.cpp">
      <Filter>Source Files</Filter>
    </ClCompile>
    <ClCompile Include="..\..\..\luxrays\samples\luxmark\resultdialog.cpp">
      <Filter>Source Files</Filter>
    </ClCompile>
    <ClCompile Include="..\..\..\luxrays\samples\luxmark\submitdialog.cpp">
      <Filter>Source Files</Filter>
    </ClCompile>
    <ClCompile Include="..\..\..\luxrays\samples\luxmark\moc_aboutdialog.cxx">
      <Filter>Source Files\generated</Filter>
    </ClCompile>
    <ClCompile Include="..\..\..\luxrays\samples\luxmark\moc_hardwaretree.cxx">
      <Filter>Source Files\generated</Filter>
    </ClCompile>
    <ClCompile Include="..\..\..\luxrays\samples\luxmark\moc_luxmarkapp.cxx">
      <Filter>Source Files\generated</Filter>
    </ClCompile>
    <ClCompile Include="..\..\..\luxrays\samples\luxmark\moc_mainwindow.cxx">
      <Filter>Source Files\generated</Filter>
    </ClCompile>
    <ClCompile Include="..\..\..\luxrays\samples\luxmark\moc_resultdialog.cxx">
      <Filter>Source Files\generated</Filter>
    </ClCompile>
    <ClCompile Include="..\..\..\luxrays\samples\luxmark\moc_submitdialog.cxx">
      <Filter>Source Files\generated</Filter>
    </ClCompile>
    <ClCompile Include="..\..\..\luxrays\samples\luxmark\qrc_resources.cxx">
      <Filter>Source Files\generated</Filter>
    </ClCompile>
  </ItemGroup>
  <ItemGroup>
    <None Include="..\Resources\lux.ico">
      <Filter>Resource Files\WindowsResources</Filter>
    </None>
    <None Include="..\..\..\luxrays\samples\luxmark\resources.qrc">
      <Filter>Resource Files\QT Resources</Filter>
    </None>
    <None Include="..\..\..\luxrays\samples\luxmark\aboutdialog.ui">
      <Filter>QT UI</Filter>
    </None>
    <None Include="..\..\..\luxrays\samples\luxmark\mainwindow.ui">
      <Filter>QT UI</Filter>
    </None>
    <None Include="..\..\..\luxrays\samples\luxmark\resultdialog.ui">
      <Filter>QT UI</Filter>
    </None>
  </ItemGroup>
  <ItemGroup>
    <ClInclude Include="..\..\..\luxrays\samples\luxmark\aboutdialog.h">
      <Filter>Header Files</Filter>
    </ClInclude>
    <ClInclude Include="..\..\..\luxrays\samples\luxmark\hardwaretree.h">
      <Filter>Header Files</Filter>
    </ClInclude>
    <ClInclude Include="..\..\..\luxrays\samples\luxmark\luxmarkapp.h">
      <Filter>Header Files</Filter>
    </ClInclude>
    <ClInclude Include="..\..\..\luxrays\samples\luxmark\luxmarkcfg.h">
      <Filter>Header Files</Filter>
    </ClInclude>
    <ClInclude Include="..\..\..\luxrays\samples\luxmark\mainwindow.h">
      <Filter>Header Files</Filter>
    </ClInclude>
    <ClInclude Include="..\..\..\luxrays\samples\luxmark\renderconfig.h">
      <Filter>Header Files</Filter>
    </ClInclude>
    <ClInclude Include="..\..\..\luxrays\samples\luxmark\renderengine.h">
      <Filter>Header Files</Filter>
    </ClInclude>
    <ClInclude Include="..\..\..\luxrays\samples\luxmark\resultdialog.h">
      <Filter>Header Files</Filter>
    </ClInclude>
    <ClInclude Include="..\..\..\luxrays\samples\luxmark\sampler.h">
      <Filter>Header Files</Filter>
    </ClInclude>
    <ClInclude Include="..\..\..\luxrays\samples\luxmark\slgcfg.h">
      <Filter>Header Files</Filter>
    </ClInclude>
    <ClInclude Include="..\..\..\luxrays\samples\luxmark\slgscene.h">
      <Filter>Header Files</Filter>
    </ClInclude>
    <ClInclude Include="..\..\..\luxrays\samples\luxmark\smalllux.h">
      <Filter>Header Files</Filter>
    </ClInclude>
    <ClInclude Include="..\..\..\luxrays\samples\luxmark\volume.h">
      <Filter>Header Files</Filter>
    </ClInclude>
    <ClInclude Include="..\..\..\luxrays\samples\luxmark\ui_aboutdialog.h">
      <Filter>Header Files\generated</Filter>
    </ClInclude>
    <ClInclude Include="..\..\..\luxrays\samples\luxmark\ui_mainwindow.h">
      <Filter>Header Files\generated</Filter>
    </ClInclude>
    <ClInclude Include="..\..\..\luxrays\samples\luxmark\ui_resultdialog.h">
      <Filter>Header Files\generated</Filter>
    </ClInclude>
    <ClInclude Include="..\..\..\luxrays\samples\luxmark\slg2\editaction.h">
      <Filter>Header Files\slg2</Filter>
    </ClInclude>
    <ClInclude Include="..\..\..\luxrays\samples\luxmark\slg2\renderconfig.h">
      <Filter>Header Files\slg2</Filter>
    </ClInclude>
    <ClInclude Include="..\..\..\luxrays\samples\luxmark\slg2\renderengine.h">
      <Filter>Header Files\slg2</Filter>
    </ClInclude>
    <ClInclude Include="..\..\..\luxrays\samples\luxmark\slg2\rendersession.h">
      <Filter>Header Files\slg2</Filter>
    </ClInclude>
    <ClInclude Include="..\..\..\luxrays\samples\luxmark\slg2\slgcfg.h">
      <Filter>Header Files\slg2</Filter>
    </ClInclude>
    <ClInclude Include="..\..\..\luxrays\samples\luxmark\slg2\pathocl\compiledscene.h">
      <Filter>Header Files\slg2\pathocl</Filter>
    </ClInclude>
    <ClInclude Include="..\..\..\luxrays\samples\luxmark\slg2\pathocl\ocldatatypes.h">
      <Filter>Header Files\slg2\pathocl</Filter>
    </ClInclude>
    <ClInclude Include="..\..\..\luxrays\samples\luxmark\slg2\pathocl\pathocl.h">
      <Filter>Header Files\slg2\pathocl</Filter>
    </ClInclude>
    <ClInclude Include="..\..\..\luxrays\samples\luxmark\slg2\pathocl\kernels\kernels.h">
      <Filter>Header Files\slg2\pathocl\kernels</Filter>
    </ClInclude>
  </ItemGroup>
  <ItemGroup>
    <ResourceCompile Include="..\Resources\core.rc">
      <Filter>Resource Files\WindowsResources</Filter>
    </ResourceCompile>
  </ItemGroup>
</Project>