<?xml version="1.0" encoding="utf-8"?>
<Project ToolsVersion="4.0" xmlns="http://schemas.microsoft.com/developer/msbuild/2003">
  <ItemGroup>
    <Filter Include="Source Files">
      <UniqueIdentifier>{4FC737F1-C7A5-4376-A066-2A32D752A2FF}</UniqueIdentifier>
      <Extensions>cpp;c;cc;cxx;def;odl;idl;hpj;bat;asm;asmx</Extensions>
    </Filter>
    <Filter Include="Source Files\generated">
      <UniqueIdentifier>{2988e94e-ce5b-4497-83d9-5f79c2e53436}</UniqueIdentifier>
    </Filter>
    <Filter Include="Source Files\path">
      <UniqueIdentifier>{c6112aaa-1d28-4925-a1b0-7b917213751b}</UniqueIdentifier>
    </Filter>
    <Filter Include="Source Files\pathgpu">
      <UniqueIdentifier>{3d9d47e3-525a-465f-972b-7f22dbc6c598}</UniqueIdentifier>
    </Filter>
    <Filter Include="Source Files\pathgpu\kernels">
      <UniqueIdentifier>{7d0824b3-fcf8-4a67-8809-25dd69e96e6c}</UniqueIdentifier>
    </Filter>
    <Filter Include="Source Files\sppm">
      <UniqueIdentifier>{329570cf-4998-4663-aa78-d6827255fc3f}</UniqueIdentifier>
    </Filter>
    <Filter Include="Header Files">
      <UniqueIdentifier>{93995380-89BD-4b04-88EB-625FBE52EBFB}</UniqueIdentifier>
      <Extensions>h;hpp;hxx;hm;inl;inc;xsd</Extensions>
    </Filter>
    <Filter Include="Header Files\generated">
      <UniqueIdentifier>{430da642-b6fd-401d-ad5f-43771e70338a}</UniqueIdentifier>
    </Filter>
    <Filter Include="Header Files\sppm">
      <UniqueIdentifier>{623dc0c9-289d-4726-a3fb-738c40ac3b30}</UniqueIdentifier>
    </Filter>
    <Filter Include="Header Files\pathgpu">
      <UniqueIdentifier>{efad8024-749c-4beb-8226-886f72ad41df}</UniqueIdentifier>
    </Filter>
    <Filter Include="Header Files\pathgpu\kernels">
      <UniqueIdentifier>{8a2036f4-f014-4802-82c4-73fea087865f}</UniqueIdentifier>
    </Filter>
    <Filter Include="Header Files\path">
      <UniqueIdentifier>{e6e1f8d4-7fc1-432b-8087-e01413717023}</UniqueIdentifier>
    </Filter>
    <Filter Include="Resource Files">
      <UniqueIdentifier>{67DA6AB6-F800-4c08-8B7A-83BB121AAD01}</UniqueIdentifier>
      <Extensions>rc;ico;cur;bmp;dlg;rc2;rct;bin;rgs;gif;jpg;jpeg;jpe;resx;tiff;tif;png;wav</Extensions>
    </Filter>
    <Filter Include="Resource Files\WindowsResources">
      <UniqueIdentifier>{b3cf8533-c08e-433d-8237-90cfd80ca58b}</UniqueIdentifier>
    </Filter>
    <Filter Include="Resource Files\QT Resources">
      <UniqueIdentifier>{e4d9e183-e3a6-45ed-ac1d-cd76edccd4e3}</UniqueIdentifier>
    </Filter>
    <Filter Include="QT UI">
      <UniqueIdentifier>{ce08fc9a-823f-4a43-b16a-4acb0f7bb209}</UniqueIdentifier>
    </Filter>
  </ItemGroup>
  <ItemGroup>
    <ClCompile Include="..\..\..\luxrays\samples\luxmark\aboutdialog.cpp">
      <Filter>Source Files</Filter>
    </ClCompile>
    <ClCompile Include="..\..\..\luxrays\samples\luxmark\hardwaretree.cpp">
      <Filter>Source Files</Filter>
    </ClCompile>
    <ClCompile Include="..\..\..\luxrays\samples\luxmark\luxmarkapp.cpp">
      <Filter>Source Files</Filter>
    </ClCompile>
    <ClCompile Include="..\..\..\luxrays\samples\luxmark\main.cpp">
      <Filter>Source Files</Filter>
    </ClCompile>
    <ClCompile Include="..\..\..\luxrays\samples\luxmark\mainwindow.cpp">
      <Filter>Source Files</Filter>
    </ClCompile>
    <ClCompile Include="..\..\..\luxrays\samples\luxmark\renderconfig.cpp">
      <Filter>Source Files</Filter>
    </ClCompile>
    <ClCompile Include="..\..\..\luxrays\samples\luxmark\resultdialog.cpp">
      <Filter>Source Files</Filter>
    </ClCompile>
    <ClCompile Include="..\..\..\luxrays\samples\luxmark\slgscene.cpp">
      <Filter>Source Files</Filter>
    </ClCompile>
    <ClCompile Include="..\..\..\luxrays\samples\luxmark\volume.cpp">
      <Filter>Source Files</Filter>
    </ClCompile>
    <ClCompile Include="..\..\..\luxrays\samples\luxmark\moc_aboutdialog.cxx">
      <Filter>Source Files\generated</Filter>
    </ClCompile>
    <ClCompile Include="..\..\..\luxrays\samples\luxmark\moc_hardwaretree.cxx">
      <Filter>Source Files\generated</Filter>
    </ClCompile>
    <ClCompile Include="..\..\..\luxrays\samples\luxmark\moc_luxmarkapp.cxx">
      <Filter>Source Files\generated</Filter>
    </ClCompile>
    <ClCompile Include="..\..\..\luxrays\samples\luxmark\moc_mainwindow.cxx">
      <Filter>Source Files\generated</Filter>
    </ClCompile>
    <ClCompile Include="..\..\..\luxrays\samples\luxmark\moc_resultdialog.cxx">
      <Filter>Source Files\generated</Filter>
    </ClCompile>
    <ClCompile Include="..\..\..\luxrays\samples\luxmark\qrc_resources.cxx">
      <Filter>Source Files\generated</Filter>
    </ClCompile>
    <ClCompile Include="..\..\..\luxrays\samples\luxmark\path\path.cpp">
      <Filter>Source Files\path</Filter>
    </ClCompile>
    <ClCompile Include="..\..\..\luxrays\samples\luxmark\pathgpu\pathgpu.cpp">
      <Filter>Source Files\pathgpu</Filter>
    </ClCompile>
    <ClCompile Include="..\..\..\luxrays\samples\luxmark\pathgpu\kernels\pathgpu_kernel.cpp">
      <Filter>Source Files\pathgpu\kernels</Filter>
    </ClCompile>
    <ClCompile Include="..\..\..\luxrays\samples\luxmark\sppm\hashgrid.cpp">
      <Filter>Source Files\sppm</Filter>
    </ClCompile>
    <ClCompile Include="..\..\..\luxrays\samples\luxmark\sppm\hitpoints.cpp">
      <Filter>Source Files\sppm</Filter>
    </ClCompile>
    <ClCompile Include="..\..\..\luxrays\samples\luxmark\sppm\hybridhashgrid.cpp">
      <Filter>Source Files\sppm</Filter>
    </ClCompile>
    <ClCompile Include="..\..\..\luxrays\samples\luxmark\sppm\kdtree.cpp">
      <Filter>Source Files\sppm</Filter>
    </ClCompile>
    <ClCompile Include="..\..\..\luxrays\samples\luxmark\sppm\sppm.cpp">
      <Filter>Source Files\sppm</Filter>
    </ClCompile>
  </ItemGroup>
  <ItemGroup>
    <None Include="..\..\..\luxrays\samples\luxmark\pathgpu\kernels\pathgpu_kernel.cl">
      <Filter>Source Files\pathgpu\kernels</Filter>
    </None>
    <None Include="..\Resources\lux.ico">
      <Filter>Resource Files\WindowsResources</Filter>
    </None>
    <None Include="..\..\..\luxrays\samples\luxmark\resources.qrc">
      <Filter>Resource Files\QT Resources</Filter>
    </None>
    <None Include="..\..\..\luxrays\samples\luxmark\aboutdialog.ui">
      <Filter>QT UI</Filter>
    </None>
    <None Include="..\..\..\luxrays\samples\luxmark\mainwindow.ui">
      <Filter>QT UI</Filter>
    </None>
    <None Include="..\..\..\luxrays\samples\luxmark\resultdialog.ui">
      <Filter>QT UI</Filter>
    </None>
  </ItemGroup>
  <ItemGroup>
    <ClInclude Include="..\..\..\luxrays\samples\luxmark\aboutdialog.h">
      <Filter>Header Files</Filter>
    </ClInclude>
    <ClInclude Include="..\..\..\luxrays\samples\luxmark\hardwaretree.h">
      <Filter>Header Files</Filter>
    </ClInclude>
    <ClInclude Include="..\..\..\luxrays\samples\luxmark\luxmarkapp.h">
      <Filter>Header Files</Filter>
    </ClInclude>
    <ClInclude Include="..\..\..\luxrays\samples\luxmark\luxmarkcfg.h">
      <Filter>Header Files</Filter>
    </ClInclude>
    <ClInclude Include="..\..\..\luxrays\samples\luxmark\mainwindow.h">
      <Filter>Header Files</Filter>
    </ClInclude>
    <ClInclude Include="..\..\..\luxrays\samples\luxmark\renderconfig.h">
      <Filter>Header Files</Filter>
    </ClInclude>
    <ClInclude Include="..\..\..\luxrays\samples\luxmark\renderengine.h">
      <Filter>Header Files</Filter>
    </ClInclude>
    <ClInclude Include="..\..\..\luxrays\samples\luxmark\resultdialog.h">
      <Filter>Header Files</Filter>
    </ClInclude>
    <ClInclude Include="..\..\..\luxrays\samples\luxmark\sampler.h">
      <Filter>Header Files</Filter>
    </ClInclude>
    <ClInclude Include="..\..\..\luxrays\samples\luxmark\slgcfg.h">
      <Filter>Header Files</Filter>
    </ClInclude>
    <ClInclude Include="..\..\..\luxrays\samples\luxmark\slgscene.h">
      <Filter>Header Files</Filter>
    </ClInclude>
    <ClInclude Include="..\..\..\luxrays\samples\luxmark\smalllux.h">
      <Filter>Header Files</Filter>
    </ClInclude>
    <ClInclude Include="..\..\..\luxrays\samples\luxmark\volume.h">
      <Filter>Header Files</Filter>
    </ClInclude>
    <ClInclude Include="..\..\..\luxrays\samples\luxmark\ui_aboutdialog.h">
      <Filter>Header Files\generated</Filter>
    </ClInclude>
    <ClInclude Include="..\..\..\luxrays\samples\luxmark\ui_mainwindow.h">
      <Filter>Header Files\generated</Filter>
    </ClInclude>
    <ClInclude Include="..\..\..\luxrays\samples\luxmark\ui_resultdialog.h">
      <Filter>Header Files\generated</Filter>
    </ClInclude>
    <ClInclude Include="..\..\..\luxrays\samples\luxmark\sppm\hitpoints.h">
      <Filter>Header Files\sppm</Filter>
    </ClInclude>
    <ClInclude Include="..\..\..\luxrays\samples\luxmark\sppm\lookupaccel.h">
      <Filter>Header Files\sppm</Filter>
    </ClInclude>
    <ClInclude Include="..\..\..\luxrays\samples\luxmark\sppm\sppm.h">
      <Filter>Header Files\sppm</Filter>
    </ClInclude>
    <ClInclude Include="..\..\..\luxrays\samples\luxmark\pathgpu\pathgpu.h">
      <Filter>Header Files\pathgpu</Filter>
    </ClInclude>
    <ClInclude Include="..\..\..\luxrays\samples\luxmark\pathgpu\kernels\kernels.h">
      <Filter>Header Files\pathgpu\kernels</Filter>
    </ClInclude>
    <ClInclude Include="..\..\..\luxrays\samples\luxmark\path\path.h">
      <Filter>Header Files\path</Filter>
    </ClInclude>
  </ItemGroup>
  <ItemGroup>
    <ResourceCompile Include="..\Resources\core.rc">
      <Filter>Resource Files\WindowsResources</Filter>
    </ResourceCompile>
  </ItemGroup>
</Project>