<?xml version="1.0" encoding="utf-8"?>
<Project ToolsVersion="4.0" xmlns="http://schemas.microsoft.com/developer/msbuild/2003">
  <ItemGroup>
    <Filter Include="Source Files">
      <UniqueIdentifier>{4FC737F1-C7A5-4376-A066-2A32D752A2FF}</UniqueIdentifier>
      <Extensions>cpp;c;cc;cxx;def;odl;idl;hpj;bat;asm;asmx</Extensions>
    </Filter>
    <Filter Include="Header Files">
      <UniqueIdentifier>{93995380-89BD-4b04-88EB-625FBE52EBFB}</UniqueIdentifier>
      <Extensions>h;hpp;hxx;hm;inl;inc;xsd</Extensions>
    </Filter>
    <Filter Include="Source Files\pathocl">
      <UniqueIdentifier>{89c18b8a-006b-422f-beb3-3ae43dba9feb}</UniqueIdentifier>
    </Filter>
    <Filter Include="Source Files\pathocl\kernels">
      <UniqueIdentifier>{04101af8-2764-4628-a961-e5108d5db8ff}</UniqueIdentifier>
    </Filter>
    <Filter Include="Source Files\pathocl\kernels\Generated">
      <UniqueIdentifier>{db671052-490a-409d-b42d-15fa77c3e637}</UniqueIdentifier>
    </Filter>
    <Filter Include="Header Files\pathocl">
      <UniqueIdentifier>{118bf59b-7d3b-4c5e-8d38-ffd67b110111}</UniqueIdentifier>
    </Filter>
    <Filter Include="Header Files\pathocl\kernels">
      <UniqueIdentifier>{47a5ed30-ea86-44d2-943e-ea4526dfc09d}</UniqueIdentifier>
    </Filter>
    <Filter Include="Source Files\Resource Files">
      <UniqueIdentifier>{67DA6AB6-F800-4c08-8B7A-83BB121AAD01}</UniqueIdentifier>
      <Extensions>rc;ico;cur;bmp;dlg;rc2;rct;bin;rgs;gif;jpg;jpeg;jpe;resx;tiff;tif;png;wav</Extensions>
    </Filter>
  </ItemGroup>
  <ItemGroup>
    <ClCompile Include="..\..\..\luxrays\samples\smallluxgpu2\displayfunc.cpp">
      <Filter>Source Files</Filter>
    </ClCompile>
    <ClCompile Include="..\..\..\luxrays\samples\smallluxgpu2\renderconfig.cpp">
      <Filter>Source Files</Filter>
    </ClCompile>
    <ClCompile Include="..\..\..\luxrays\samples\smallluxgpu2\renderengine.cpp">
      <Filter>Source Files</Filter>
    </ClCompile>
    <ClCompile Include="..\..\..\luxrays\samples\smallluxgpu2\rendersession.cpp">
      <Filter>Source Files</Filter>
    </ClCompile>
    <ClCompile Include="..\..\..\luxrays\samples\smallluxgpu2\smallluxgpu.cpp">
      <Filter>Source Files</Filter>
    </ClCompile>
    <ClCompile Include="..\..\..\luxrays\samples\smallluxgpu2\telnet.cpp">
      <Filter>Source Files</Filter>
    </ClCompile>
    <ClCompile Include="..\..\..\luxrays\samples\smallluxgpu2\pathocl\kernels\pathocl_kernel_core.cpp">
      <Filter>Source Files\pathocl\kernels\Generated</Filter>
    </ClCompile>
    <ClCompile Include="..\..\..\luxrays\samples\smallluxgpu2\pathocl\kernels\pathocl_kernel_datatypes.cpp">
      <Filter>Source Files\pathocl\kernels\Generated</Filter>
    </ClCompile>
    <ClCompile Include="..\..\..\luxrays\samples\smallluxgpu2\pathocl\kernels\pathocl_kernel_filters.cpp">
      <Filter>Source Files\pathocl\kernels\Generated</Filter>
    </ClCompile>
    <ClCompile Include="..\..\..\luxrays\samples\smallluxgpu2\pathocl\kernels\pathocl_kernel_samplers.cpp">
      <Filter>Source Files\pathocl\kernels\Generated</Filter>
    </ClCompile>
    <ClCompile Include="..\..\..\luxrays\samples\smallluxgpu2\pathocl\kernels\pathocl_kernel_scene.cpp">
      <Filter>Source Files\pathocl\kernels\Generated</Filter>
    </ClCompile>
    <ClCompile Include="..\..\..\luxrays\samples\smallluxgpu2\pathocl\kernels\pathocl_kernels.cpp">
      <Filter>Source Files\pathocl\kernels\Generated</Filter>
    </ClCompile>
    <ClCompile Include="..\..\..\luxrays\samples\smallluxgpu2\pathocl\compiledscene.cpp">
      <Filter>Source Files\pathocl</Filter>
    </ClCompile>
    <ClCompile Include="..\..\..\luxrays\samples\smallluxgpu2\pathocl\pathocl.cpp">
      <Filter>Source Files\pathocl</Filter>
    </ClCompile>
    <ClCompile Include="..\..\..\luxrays\samples\smallluxgpu2\pathocl\pathoclthread.cpp">
      <Filter>Source Files\pathocl</Filter>
    </ClCompile>
  </ItemGroup>
  <ItemGroup>
    <ClInclude Include="..\..\..\luxrays\samples\smallluxgpu2\displayfunc.h">
      <Filter>Header Files</Filter>
    </ClInclude>
    <ClInclude Include="..\..\..\luxrays\samples\smallluxgpu2\editaction.h">
      <Filter>Header Files</Filter>
    </ClInclude>
    <ClInclude Include="..\..\..\luxrays\samples\smallluxgpu2\renderconfig.h">
      <Filter>Header Files</Filter>
    </ClInclude>
    <ClInclude Include="..\..\..\luxrays\samples\smallluxgpu2\renderengine.h">
      <Filter>Header Files</Filter>
    </ClInclude>
    <ClInclude Include="..\..\..\luxrays\samples\smallluxgpu2\rendersession.h">
      <Filter>Header Files</Filter>
    </ClInclude>
    <ClInclude Include="..\..\..\luxrays\samples\smallluxgpu2\slgcfg.h">
      <Filter>Header Files</Filter>
    </ClInclude>
    <ClInclude Include="..\..\..\luxrays\samples\smallluxgpu2\smalllux.h">
      <Filter>Header Files</Filter>
    </ClInclude>
    <ClInclude Include="..\..\..\luxrays\samples\smallluxgpu2\telnet.h">
      <Filter>Header Files</Filter>
    </ClInclude>
    <ClInclude Include="..\..\..\luxrays\samples\smallluxgpu2\pathocl\kernels\kernels.h">
      <Filter>Header Files\pathocl\kernels</Filter>
    </ClInclude>
    <ClInclude Include="..\..\..\luxrays\samples\smallluxgpu2\pathocl\compiledscene.h">
      <Filter>Header Files\pathocl</Filter>
    </ClInclude>
    <ClInclude Include="..\..\..\luxrays\samples\smallluxgpu2\pathocl\ocldatatypes.h">
      <Filter>Header Files\pathocl</Filter>
    </ClInclude>
    <ClInclude Include="..\..\..\luxrays\samples\smallluxgpu2\pathocl\pathocl.h">
      <Filter>Header Files\pathocl</Filter>
    </ClInclude>
  </ItemGroup>
  <ItemGroup>
    <None Include="..\..\..\luxrays\samples\smallluxgpu2\pathocl\kernels\pathocl_kernel_core.cl">
      <Filter>Source Files\pathocl\kernels</Filter>
    </None>
    <None Include="..\..\..\luxrays\samples\smallluxgpu2\pathocl\kernels\pathocl_kernel_datatypes.cl">
      <Filter>Source Files\pathocl\kernels</Filter>
    </None>
    <None Include="..\..\..\luxrays\samples\smallluxgpu2\pathocl\kernels\pathocl_kernel_filters.cl">
      <Filter>Source Files\pathocl\kernels</Filter>
    </None>
    <None Include="..\..\..\luxrays\samples\smallluxgpu2\pathocl\kernels\pathocl_kernel_samplers.cl">
      <Filter>Source Files\pathocl\kernels</Filter>
    </None>
    <None Include="..\..\..\luxrays\samples\smallluxgpu2\pathocl\kernels\pathocl_kernel_scene.cl">
      <Filter>Source Files\pathocl\kernels</Filter>
    </None>
    <None Include="..\..\..\luxrays\samples\smallluxgpu2\pathocl\kernels\pathocl_kernels.cl">
      <Filter>Source Files\pathocl\kernels</Filter>
    </None>
  </ItemGroup>
</Project>