<?xml version="1.0" encoding="utf-8"?>
<Project ToolsVersion="4.0" xmlns="http://schemas.microsoft.com/developer/msbuild/2003">
  <ItemGroup>
    <Filter Include="Source Files">
      <UniqueIdentifier>{4FC737F1-C7A5-4376-A066-2A32D752A2FF}</UniqueIdentifier>
      <Extensions>cpp;c;cc;cxx;def;odl;idl;hpj;bat;asm;asmx</Extensions>
    </Filter>
    <Filter Include="Header Files">
      <UniqueIdentifier>{93995380-89BD-4b04-88EB-625FBE52EBFB}</UniqueIdentifier>
      <Extensions>h;hpp;hxx;hm;inl;inc;xsd</Extensions>
    </Filter>
    <Filter Include="Source Files\Resource Files">
      <UniqueIdentifier>{67DA6AB6-F800-4c08-8B7A-83BB121AAD01}</UniqueIdentifier>
      <Extensions>rc;ico;cur;bmp;dlg;rc2;rct;bin;rgs;gif;jpg;jpeg;jpe;resx;tiff;tif;png;wav</Extensions>
    </Filter>
    <Filter Include="Header Files\bidircpu">
      <UniqueIdentifier>{8a57c71f-a466-4cab-a41f-4b38589b44b4}</UniqueIdentifier>
    </Filter>
    <Filter Include="Header Files\bidirhybrid">
      <UniqueIdentifier>{a274ef51-d991-4015-860f-04a13772fbde}</UniqueIdentifier>
    </Filter>
    <Filter Include="Header Files\bidirvmcpu">
      <UniqueIdentifier>{b8c950ce-7548-4cc0-a302-4b3a614db748}</UniqueIdentifier>
    </Filter>
    <Filter Include="Header Files\cbidirhybrid">
      <UniqueIdentifier>{51e68f1c-f948-4c7d-b67d-d483f9fa6108}</UniqueIdentifier>
    </Filter>
    <Filter Include="Header Files\lightcpu">
      <UniqueIdentifier>{371bddcd-5e5e-4ca6-b435-57eee619ecba}</UniqueIdentifier>
    </Filter>
    <Filter Include="Header Files\pathcpu">
      <UniqueIdentifier>{b9f69191-fd95-4abb-a42d-1eace7574995}</UniqueIdentifier>
    </Filter>
    <Filter Include="Header Files\pathocl">
      <UniqueIdentifier>{3f907d84-b549-4bb0-bf52-6535fc852e68}</UniqueIdentifier>
    </Filter>
    <Filter Include="Header Files\pathcpu\kernels">
      <UniqueIdentifier>{0efef2e7-c2b3-42a1-98b8-ff98ba2fc092}</UniqueIdentifier>
    </Filter>
    <Filter Include="Source Files\bidircpu">
      <UniqueIdentifier>{819ea441-aa5a-426e-bcad-25437f9a4ef6}</UniqueIdentifier>
    </Filter>
    <Filter Include="Source Files\bidirhybrid">
      <UniqueIdentifier>{262825ee-790a-4dff-ab3a-3a2182b3af50}</UniqueIdentifier>
    </Filter>
    <Filter Include="Source Files\bidirvmcpu">
      <UniqueIdentifier>{c2c2bb10-e704-4046-bfd5-224267058779}</UniqueIdentifier>
    </Filter>
    <Filter Include="Source Files\cbidirhybrid">
      <UniqueIdentifier>{dafd1b3a-41af-46e0-ab65-e5c9defcae44}</UniqueIdentifier>
    </Filter>
    <Filter Include="Source Files\lightcpu">
      <UniqueIdentifier>{48e11223-4b7c-44e2-9d56-9a0a1c7650ca}</UniqueIdentifier>
    </Filter>
    <Filter Include="Source Files\pathcpu">
      <UniqueIdentifier>{e228041b-8933-444d-a14c-ed647380798b}</UniqueIdentifier>
    </Filter>
    <Filter Include="Source Files\pathocl">
      <UniqueIdentifier>{27f25332-d4f8-4569-a3b7-27d8b2e5d545}</UniqueIdentifier>
    </Filter>
    <Filter Include="Source Files\pathocl\kernels">
      <UniqueIdentifier>{5090606e-2a66-4226-8cb9-235dd4e9db03}</UniqueIdentifier>
    </Filter>
    <Filter Include="Header Files\pathocl\kernels">
      <UniqueIdentifier>{f7751f7d-3de3-4a32-b29f-da126793ec6f}</UniqueIdentifier>
    </Filter>
    <Filter Include="Source Files\pathocl\kernels\Generated">
      <UniqueIdentifier>{7822e878-fbcc-4784-8259-defd4def0f26}</UniqueIdentifier>
    </Filter>
  </ItemGroup>
  <ItemGroup>
    <ClInclude Include="..\..\..\luxrays\samples\smallluxgpu3\displayfunc.h">
      <Filter>Header Files</Filter>
    </ClInclude>
    <ClInclude Include="..\..\..\luxrays\samples\smallluxgpu3\editaction.h">
      <Filter>Header Files</Filter>
    </ClInclude>
    <ClInclude Include="..\..\..\luxrays\samples\smallluxgpu3\renderconfig.h">
      <Filter>Header Files</Filter>
    </ClInclude>
    <ClInclude Include="..\..\..\luxrays\samples\smallluxgpu3\renderengine.h">
      <Filter>Header Files</Filter>
    </ClInclude>
    <ClInclude Include="..\..\..\luxrays\samples\smallluxgpu3\rendersession.h">
      <Filter>Header Files</Filter>
    </ClInclude>
    <ClInclude Include="..\..\..\luxrays\samples\smallluxgpu3\slg.h">
      <Filter>Header Files</Filter>
    </ClInclude>
    <ClInclude Include="..\..\..\luxrays\samples\smallluxgpu3\slgcfg.h">
      <Filter>Header Files</Filter>
    </ClInclude>
    <ClInclude Include="..\..\..\luxrays\samples\smallluxgpu3\smalllux.h">
      <Filter>Header Files</Filter>
    </ClInclude>
    <ClInclude Include="..\..\..\luxrays\samples\smallluxgpu3\telnet.h">
      <Filter>Header Files</Filter>
    </ClInclude>
    <ClInclude Include="..\..\..\luxrays\samples\smallluxgpu3\bidircpu\bidircpu.h">
      <Filter>Header Files\bidircpu</Filter>
    </ClInclude>
    <ClInclude Include="..\..\..\luxrays\samples\smallluxgpu3\bidirhybrid\bidirhybrid.h">
      <Filter>Header Files\bidirhybrid</Filter>
    </ClInclude>
    <ClInclude Include="..\..\..\luxrays\samples\smallluxgpu3\bidirvmcpu\bidirvmcpu.h">
      <Filter>Header Files\bidirvmcpu</Filter>
    </ClInclude>
    <ClInclude Include="..\..\..\luxrays\samples\smallluxgpu3\cbidirhybrid\cbidirhybrid.h">
      <Filter>Header Files\cbidirhybrid</Filter>
    </ClInclude>
    <ClInclude Include="..\..\..\luxrays\samples\smallluxgpu3\lightcpu\lightcpu.h">
      <Filter>Header Files\lightcpu</Filter>
    </ClInclude>
    <ClInclude Include="..\..\..\luxrays\samples\smallluxgpu3\pathcpu\pathcpu.h">
      <Filter>Header Files\pathcpu</Filter>
    </ClInclude>
    <ClInclude Include="..\..\..\luxrays\samples\smallluxgpu3\pathocl\compiledscene.h">
      <Filter>Header Files\pathocl</Filter>
    </ClInclude>
    <ClInclude Include="..\..\..\luxrays\samples\smallluxgpu3\pathocl\ocldatatypes.h">
      <Filter>Header Files\pathocl</Filter>
    </ClInclude>
    <ClInclude Include="..\..\..\luxrays\samples\smallluxgpu3\pathocl\pathocl.h">
      <Filter>Header Files\pathocl</Filter>
    </ClInclude>
    <ClInclude Include="..\..\..\luxrays\samples\smallluxgpu3\pathocl\kernels\kernels.h">
      <Filter>Header Files\pathocl\kernels</Filter>
    </ClInclude>
  </ItemGroup>
  <ItemGroup>
    <ClCompile Include="..\..\..\luxrays\samples\smallluxgpu3\displayfunc.cpp">
      <Filter>Source Files</Filter>
    </ClCompile>
    <ClCompile Include="..\..\..\luxrays\samples\smallluxgpu3\renderconfig.cpp">
      <Filter>Source Files</Filter>
    </ClCompile>
    <ClCompile Include="..\..\..\luxrays\samples\smallluxgpu3\renderengine.cpp">
      <Filter>Source Files</Filter>
    </ClCompile>
    <ClCompile Include="..\..\..\luxrays\samples\smallluxgpu3\rendersession.cpp">
      <Filter>Source Files</Filter>
    </ClCompile>
    <ClCompile Include="..\..\..\luxrays\samples\smallluxgpu3\slglibdemo.cpp">
      <Filter>Source Files</Filter>
    </ClCompile>
    <ClCompile Include="..\..\..\luxrays\samples\smallluxgpu3\smallluxgpu.cpp">
      <Filter>Source Files</Filter>
    </ClCompile>
    <ClCompile Include="..\..\..\luxrays\samples\smallluxgpu3\telnet.cpp">
      <Filter>Source Files</Filter>
    </ClCompile>
    <ClCompile Include="..\..\..\luxrays\samples\smallluxgpu3\bidircpu\bidircpu.cpp">
      <Filter>Source Files\bidircpu</Filter>
    </ClCompile>
    <ClCompile Include="..\..\..\luxrays\samples\smallluxgpu3\bidircpu\bidircputhread.cpp">
      <Filter>Source Files\bidircpu</Filter>
    </ClCompile>
    <ClCompile Include="..\..\..\luxrays\samples\smallluxgpu3\bidirhybrid\bidirhybrid.cpp">
      <Filter>Source Files\bidirhybrid</Filter>
    </ClCompile>
    <ClCompile Include="..\..\..\luxrays\samples\smallluxgpu3\bidirhybrid\bidirhybridthread.cpp">
      <Filter>Source Files\bidirhybrid</Filter>
    </ClCompile>
    <ClCompile Include="..\..\..\luxrays\samples\smallluxgpu3\bidirhybrid\bidirstate.cpp">
      <Filter>Source Files\bidirhybrid</Filter>
    </ClCompile>
    <ClCompile Include="..\..\..\luxrays\samples\smallluxgpu3\cbidirhybrid\cbidirhybrid.cpp">
      <Filter>Source Files\cbidirhybrid</Filter>
    </ClCompile>
    <ClCompile Include="..\..\..\luxrays\samples\smallluxgpu3\lightcpu\lightcpu.cpp">
      <Filter>Source Files\lightcpu</Filter>
    </ClCompile>
    <ClCompile Include="..\..\..\luxrays\samples\smallluxgpu3\lightcpu\lightcputhread.cpp">
      <Filter>Source Files\lightcpu</Filter>
    </ClCompile>
    <ClCompile Include="..\..\..\luxrays\samples\smallluxgpu3\bidirvmcpu\bidirvmcpu.cpp">
      <Filter>Source Files\bidirvmcpu</Filter>
    </ClCompile>
    <ClCompile Include="..\..\..\luxrays\samples\smallluxgpu3\bidirvmcpu\bidirvmcputhread.cpp">
      <Filter>Source Files\bidirvmcpu</Filter>
    </ClCompile>
    <ClCompile Include="..\..\..\luxrays\samples\smallluxgpu3\bidirvmcpu\hashgrid.cpp">
      <Filter>Source Files\bidirvmcpu</Filter>
    </ClCompile>
    <ClCompile Include="..\..\..\luxrays\samples\smallluxgpu3\pathcpu\pathcpu.cpp">
      <Filter>Source Files\pathcpu</Filter>
    </ClCompile>
    <ClCompile Include="..\..\..\luxrays\samples\smallluxgpu3\pathcpu\pathcputhread.cpp">
      <Filter>Source Files\pathcpu</Filter>
    </ClCompile>
    <ClCompile Include="..\..\..\luxrays\samples\smallluxgpu3\pathocl\compiledscene.cpp">
      <Filter>Source Files\pathocl</Filter>
    </ClCompile>
    <ClCompile Include="..\..\..\luxrays\samples\smallluxgpu3\pathocl\pathocl.cpp">
      <Filter>Source Files\pathocl</Filter>
    </ClCompile>
    <ClCompile Include="..\..\..\luxrays\samples\smallluxgpu3\pathocl\pathoclthread.cpp">
      <Filter>Source Files\pathocl</Filter>
    </ClCompile>
    <ClCompile Include="..\..\..\luxrays\samples\smallluxgpu3\pathocl\kernels\pathocl_kernel_core.cpp">
      <Filter>Source Files\pathocl\kernels\Generated</Filter>
    </ClCompile>
    <ClCompile Include="..\..\..\luxrays\samples\smallluxgpu3\pathocl\kernels\pathocl_kernel_datatypes.cpp">
      <Filter>Source Files\pathocl\kernels\Generated</Filter>
    </ClCompile>
    <ClCompile Include="..\..\..\luxrays\samples\smallluxgpu3\pathocl\kernels\pathocl_kernel_filters.cpp">
      <Filter>Source Files\pathocl\kernels\Generated</Filter>
    </ClCompile>
    <ClCompile Include="..\..\..\luxrays\samples\smallluxgpu3\pathocl\kernels\pathocl_kernel_samplers.cpp">
      <Filter>Source Files\pathocl\kernels\Generated</Filter>
    </ClCompile>
    <ClCompile Include="..\..\..\luxrays\samples\smallluxgpu3\pathocl\kernels\pathocl_kernel_scene.cpp">
      <Filter>Source Files\pathocl\kernels\Generated</Filter>
    </ClCompile>
    <ClCompile Include="..\..\..\luxrays\samples\smallluxgpu3\pathocl\kernels\pathocl_kernels.cpp">
      <Filter>Source Files\pathocl\kernels\Generated</Filter>
    </ClCompile>
  </ItemGroup>
  <ItemGroup>
    <None Include="..\..\..\luxrays\samples\smallluxgpu3\pathocl\kernels\pathocl_kernel_core.cl">
      <Filter>Source Files\pathocl\kernels</Filter>
    </None>
    <None Include="..\..\..\luxrays\samples\smallluxgpu3\pathocl\kernels\pathocl_kernel_datatypes.cl">
      <Filter>Source Files\pathocl\kernels</Filter>
    </None>
    <None Include="..\..\..\luxrays\samples\smallluxgpu3\pathocl\kernels\pathocl_kernel_filters.cl">
      <Filter>Source Files\pathocl\kernels</Filter>
    </None>
    <None Include="..\..\..\luxrays\samples\smallluxgpu3\pathocl\kernels\pathocl_kernel_samplers.cl">
      <Filter>Source Files\pathocl\kernels</Filter>
    </None>
    <None Include="..\..\..\luxrays\samples\smallluxgpu3\pathocl\kernels\pathocl_kernel_scene.cl">
      <Filter>Source Files\pathocl\kernels</Filter>
    </None>
    <None Include="..\..\..\luxrays\samples\smallluxgpu3\pathocl\kernels\pathocl_kernels.cl">
      <Filter>Source Files\pathocl\kernels</Filter>
    </None>
  </ItemGroup>
</Project>